// !$*UTF8*$!
{
	archiveVersion = 1;
	classes = {
	};
	objectVersion = 48;
	objects = {

/* Begin PBXBuildFile section */
		793310A11FA9F18C00C955EF /* PedsStoryboard.storyboard in Resources */ = {isa = PBXBuildFile; fileRef = 793310A01FA9F18C00C955EF /* PedsStoryboard.storyboard */; };
		793310A31FA9F55C00C955EF /* Peds_ViewController.swift in Sources */ = {isa = PBXBuildFile; fileRef = 793310A21FA9F55C00C955EF /* Peds_ViewController.swift */; };
		793BCA2D1FD56E3C001A4DFF /* RateCriticalPopUp.swift in Sources */ = {isa = PBXBuildFile; fileRef = 793BCA2C1FD56E3C001A4DFF /* RateCriticalPopUp.swift */; };
		795497EC1FD4D7400026EEC7 /* MyViewController.swift in Sources */ = {isa = PBXBuildFile; fileRef = 795497EB1FD4D7400026EEC7 /* MyViewController.swift */; };
		795497F01FD55D7C0026EEC7 /* Disclaimer.swift in Sources */ = {isa = PBXBuildFile; fileRef = 795497EF1FD55D7C0026EEC7 /* Disclaimer.swift */; };
		795513491FD4B11A005856F3 /* MenuViewController.swift in Sources */ = {isa = PBXBuildFile; fileRef = 795513481FD4B11A005856F3 /* MenuViewController.swift */; };
		7955134B1FD4B4F6005856F3 /* Main.storyboard in Resources */ = {isa = PBXBuildFile; fileRef = 7955134A1FD4B4F6005856F3 /* Main.storyboard */; };
		7971CF331FCA47A500D3AEEB /* Extensions.swift in Sources */ = {isa = PBXBuildFile; fileRef = 7971CF2E1FCA47A400D3AEEB /* Extensions.swift */; };
		7971CF341FCA47A500D3AEEB /* CollapsibleTableViewController.swift in Sources */ = {isa = PBXBuildFile; fileRef = 7971CF2F1FCA47A500D3AEEB /* CollapsibleTableViewController.swift */; };
		7971CF351FCA47A500D3AEEB /* ExampleData.swift in Sources */ = {isa = PBXBuildFile; fileRef = 7971CF301FCA47A500D3AEEB /* ExampleData.swift */; };
		7971CF361FCA47A500D3AEEB /* CollapsibleTableViewHeader.swift in Sources */ = {isa = PBXBuildFile; fileRef = 7971CF311FCA47A500D3AEEB /* CollapsibleTableViewHeader.swift */; };
		7971CF371FCA47A500D3AEEB /* CollapsibleTableViewCell.swift in Sources */ = {isa = PBXBuildFile; fileRef = 7971CF321FCA47A500D3AEEB /* CollapsibleTableViewCell.swift */; };
		79BA78D21FABCD2800F087AF /* StackElementViewController.swift in Sources */ = {isa = PBXBuildFile; fileRef = 79BA78D01FABCD2600F087AF /* StackElementViewController.swift */; };
		79BA78D31FABCD2800F087AF /* ViewController.swift in Sources */ = {isa = PBXBuildFile; fileRef = 79BA78D11FABCD2700F087AF /* ViewController.swift */; };
		79E2EF451F9CC18000701ACC /* AppDelegate.swift in Sources */ = {isa = PBXBuildFile; fileRef = 79E2EF441F9CC18000701ACC /* AppDelegate.swift */; };
		79E2EF4C1F9CC18000701ACC /* Assets.xcassets in Resources */ = {isa = PBXBuildFile; fileRef = 79E2EF4B1F9CC18000701ACC /* Assets.xcassets */; };
		79E2EF4F1F9CC18000701ACC /* LaunchScreen.storyboard in Resources */ = {isa = PBXBuildFile; fileRef = 79E2EF4D1F9CC18000701ACC /* LaunchScreen.storyboard */; };
		79E2EF5A1F9CC18100701ACC /* Critical_XTests.swift in Sources */ = {isa = PBXBuildFile; fileRef = 79E2EF591F9CC18100701ACC /* Critical_XTests.swift */; };
		79E2EF651F9CC18100701ACC /* Critical_XUITests.swift in Sources */ = {isa = PBXBuildFile; fileRef = 79E2EF641F9CC18100701ACC /* Critical_XUITests.swift */; };
/* End PBXBuildFile section */

/* Begin PBXContainerItemProxy section */
		79E2EF561F9CC18100701ACC /* PBXContainerItemProxy */ = {
			isa = PBXContainerItemProxy;
			containerPortal = 79E2EF391F9CC18000701ACC /* Project object */;
			proxyType = 1;
			remoteGlobalIDString = 79E2EF401F9CC18000701ACC;
			remoteInfo = Critical.X;
		};
		79E2EF611F9CC18100701ACC /* PBXContainerItemProxy */ = {
			isa = PBXContainerItemProxy;
			containerPortal = 79E2EF391F9CC18000701ACC /* Project object */;
			proxyType = 1;
			remoteGlobalIDString = 79E2EF401F9CC18000701ACC;
			remoteInfo = Critical.X;
		};
/* End PBXContainerItemProxy section */

/* Begin PBXFileReference section */
		793310A01FA9F18C00C955EF /* PedsStoryboard.storyboard */ = {isa = PBXFileReference; lastKnownFileType = file.storyboard; path = PedsStoryboard.storyboard; sourceTree = "<group>"; };
		793310A21FA9F55C00C955EF /* Peds_ViewController.swift */ = {isa = PBXFileReference; lastKnownFileType = sourcecode.swift; path = Peds_ViewController.swift; sourceTree = "<group>"; };
		793BCA2C1FD56E3C001A4DFF /* RateCriticalPopUp.swift */ = {isa = PBXFileReference; lastKnownFileType = sourcecode.swift; path = RateCriticalPopUp.swift; sourceTree = "<group>"; };
		795497EB1FD4D7400026EEC7 /* MyViewController.swift */ = {isa = PBXFileReference; lastKnownFileType = sourcecode.swift; path = MyViewController.swift; sourceTree = "<group>"; };
		795497EF1FD55D7C0026EEC7 /* Disclaimer.swift */ = {isa = PBXFileReference; lastKnownFileType = sourcecode.swift; path = Disclaimer.swift; sourceTree = "<group>"; };
		795513481FD4B11A005856F3 /* MenuViewController.swift */ = {isa = PBXFileReference; lastKnownFileType = sourcecode.swift; path = MenuViewController.swift; sourceTree = "<group>"; };
		7955134A1FD4B4F6005856F3 /* Main.storyboard */ = {isa = PBXFileReference; lastKnownFileType = file.storyboard; path = Main.storyboard; sourceTree = "<group>"; };
		7971CF2E1FCA47A400D3AEEB /* Extensions.swift */ = {isa = PBXFileReference; lastKnownFileType = sourcecode.swift; path = Extensions.swift; sourceTree = "<group>"; };
		7971CF2F1FCA47A500D3AEEB /* CollapsibleTableViewController.swift */ = {isa = PBXFileReference; lastKnownFileType = sourcecode.swift; path = CollapsibleTableViewController.swift; sourceTree = "<group>"; };
		7971CF301FCA47A500D3AEEB /* ExampleData.swift */ = {isa = PBXFileReference; lastKnownFileType = sourcecode.swift; path = ExampleData.swift; sourceTree = "<group>"; };
		7971CF311FCA47A500D3AEEB /* CollapsibleTableViewHeader.swift */ = {isa = PBXFileReference; lastKnownFileType = sourcecode.swift; path = CollapsibleTableViewHeader.swift; sourceTree = "<group>"; };
		7971CF321FCA47A500D3AEEB /* CollapsibleTableViewCell.swift */ = {isa = PBXFileReference; lastKnownFileType = sourcecode.swift; path = CollapsibleTableViewCell.swift; sourceTree = "<group>"; };
		79BA78D01FABCD2600F087AF /* StackElementViewController.swift */ = {isa = PBXFileReference; fileEncoding = 4; lastKnownFileType = sourcecode.swift; path = StackElementViewController.swift; sourceTree = "<group>"; };
		79BA78D11FABCD2700F087AF /* ViewController.swift */ = {isa = PBXFileReference; fileEncoding = 4; lastKnownFileType = sourcecode.swift; path = ViewController.swift; sourceTree = "<group>"; };
		79E2EF411F9CC18000701ACC /* Critical.X.app */ = {isa = PBXFileReference; explicitFileType = wrapper.application; includeInIndex = 0; path = Critical.X.app; sourceTree = BUILT_PRODUCTS_DIR; };
		79E2EF441F9CC18000701ACC /* AppDelegate.swift */ = {isa = PBXFileReference; lastKnownFileType = sourcecode.swift; name = AppDelegate.swift; path = "Critical.X/View Controller Classes/Disclaimer /AppDelegate.swift"; sourceTree = SOURCE_ROOT; };
		79E2EF4B1F9CC18000701ACC /* Assets.xcassets */ = {isa = PBXFileReference; lastKnownFileType = folder.assetcatalog; path = Assets.xcassets; sourceTree = "<group>"; };
		79E2EF4E1F9CC18000701ACC /* Base */ = {isa = PBXFileReference; lastKnownFileType = file.storyboard; name = Base; path = Base.lproj/LaunchScreen.storyboard; sourceTree = "<group>"; };
		79E2EF501F9CC18000701ACC /* Info.plist */ = {isa = PBXFileReference; lastKnownFileType = text.plist.xml; path = Info.plist; sourceTree = "<group>"; };
		79E2EF551F9CC18100701ACC /* Critical.XTests.xctest */ = {isa = PBXFileReference; explicitFileType = wrapper.cfbundle; includeInIndex = 0; path = Critical.XTests.xctest; sourceTree = BUILT_PRODUCTS_DIR; };
		79E2EF591F9CC18100701ACC /* Critical_XTests.swift */ = {isa = PBXFileReference; lastKnownFileType = sourcecode.swift; path = Critical_XTests.swift; sourceTree = "<group>"; };
		79E2EF5B1F9CC18100701ACC /* Info.plist */ = {isa = PBXFileReference; lastKnownFileType = text.plist.xml; path = Info.plist; sourceTree = "<group>"; };
		79E2EF601F9CC18100701ACC /* Critical.XUITests.xctest */ = {isa = PBXFileReference; explicitFileType = wrapper.cfbundle; includeInIndex = 0; path = Critical.XUITests.xctest; sourceTree = BUILT_PRODUCTS_DIR; };
		79E2EF641F9CC18100701ACC /* Critical_XUITests.swift */ = {isa = PBXFileReference; lastKnownFileType = sourcecode.swift; path = Critical_XUITests.swift; sourceTree = "<group>"; };
		79E2EF661F9CC18100701ACC /* Info.plist */ = {isa = PBXFileReference; lastKnownFileType = text.plist.xml; path = Info.plist; sourceTree = "<group>"; };
/* End PBXFileReference section */

/* Begin PBXFrameworksBuildPhase section */
		79E2EF3E1F9CC18000701ACC /* Frameworks */ = {
			isa = PBXFrameworksBuildPhase;
			buildActionMask = 2147483647;
			files = (
			);
			runOnlyForDeploymentPostprocessing = 0;
		};
		79E2EF521F9CC18100701ACC /* Frameworks */ = {
			isa = PBXFrameworksBuildPhase;
			buildActionMask = 2147483647;
			files = (
			);
			runOnlyForDeploymentPostprocessing = 0;
		};
		79E2EF5D1F9CC18100701ACC /* Frameworks */ = {
			isa = PBXFrameworksBuildPhase;
			buildActionMask = 2147483647;
			files = (
			);
			runOnlyForDeploymentPostprocessing = 0;
		};
/* End PBXFrameworksBuildPhase section */

/* Begin PBXGroup section */
		793310A41FA9F56C00C955EF /* View Controller Classes */ = {
			isa = PBXGroup;
			children = (
				795513481FD4B11A005856F3 /* MenuViewController.swift */,
				79E2EF441F9CC18000701ACC /* AppDelegate.swift */,
				793310A21FA9F55C00C955EF /* Peds_ViewController.swift */,
				7971CF381FCA47B200D3AEEB /* Fluids And Electorlytes */,
				79BA78D41FABD68600F087AF /* Ventilator Modes */,
				795497EB1FD4D7400026EEC7 /* MyViewController.swift */,
				795497EF1FD55D7C0026EEC7 /* Disclaimer.swift */,
				793BCA2C1FD56E3C001A4DFF /* RateCriticalPopUp.swift */,
			);
			path = "View Controller Classes";
			sourceTree = "<group>";
		};
		7971CF381FCA47B200D3AEEB /* Fluids And Electorlytes */ = {
			isa = PBXGroup;
			children = (
				7971CF321FCA47A500D3AEEB /* CollapsibleTableViewCell.swift */,
				7971CF2F1FCA47A500D3AEEB /* CollapsibleTableViewController.swift */,
				7971CF311FCA47A500D3AEEB /* CollapsibleTableViewHeader.swift */,
				7971CF301FCA47A500D3AEEB /* ExampleData.swift */,
				7971CF2E1FCA47A400D3AEEB /* Extensions.swift */,
			);
			path = "Fluids And Electorlytes";
			sourceTree = "<group>";
		};
		79BA78D41FABD68600F087AF /* Ventilator Modes */ = {
			isa = PBXGroup;
			children = (
				79BA78D01FABCD2600F087AF /* StackElementViewController.swift */,
				79BA78D11FABCD2700F087AF /* ViewController.swift */,
			);
			path = "Ventilator Modes";
			sourceTree = "<group>";
		};
		79E2EF381F9CC18000701ACC = {
			isa = PBXGroup;
			children = (
				79E2EF431F9CC18000701ACC /* Critical.X */,
				79E2EF581F9CC18100701ACC /* Critical.XTests */,
				79E2EF631F9CC18100701ACC /* Critical.XUITests */,
				79E2EF421F9CC18000701ACC /* Products */,
			);
			sourceTree = "<group>";
		};
		79E2EF421F9CC18000701ACC /* Products */ = {
			isa = PBXGroup;
			children = (
				79E2EF411F9CC18000701ACC /* Critical.X.app */,
				79E2EF551F9CC18100701ACC /* Critical.XTests.xctest */,
				79E2EF601F9CC18100701ACC /* Critical.XUITests.xctest */,
			);
			name = Products;
			sourceTree = "<group>";
		};
		79E2EF431F9CC18000701ACC /* Critical.X */ = {
			isa = PBXGroup;
			children = (
				793310A41FA9F56C00C955EF /* View Controller Classes */,
				7955134A1FD4B4F6005856F3 /* Main.storyboard */,
				793310A01FA9F18C00C955EF /* PedsStoryboard.storyboard */,
				79E2EF4B1F9CC18000701ACC /* Assets.xcassets */,
				79E2EF4D1F9CC18000701ACC /* LaunchScreen.storyboard */,
				79E2EF501F9CC18000701ACC /* Info.plist */,
			);
			path = Critical.X;
			sourceTree = "<group>";
		};
		79E2EF581F9CC18100701ACC /* Critical.XTests */ = {
			isa = PBXGroup;
			children = (
				79E2EF591F9CC18100701ACC /* Critical_XTests.swift */,
				79E2EF5B1F9CC18100701ACC /* Info.plist */,
			);
			path = Critical.XTests;
			sourceTree = "<group>";
		};
		79E2EF631F9CC18100701ACC /* Critical.XUITests */ = {
			isa = PBXGroup;
			children = (
				79E2EF641F9CC18100701ACC /* Critical_XUITests.swift */,
				79E2EF661F9CC18100701ACC /* Info.plist */,
			);
			path = Critical.XUITests;
			sourceTree = "<group>";
		};
/* End PBXGroup section */

/* Begin PBXNativeTarget section */
		79E2EF401F9CC18000701ACC /* Critical.X */ = {
			isa = PBXNativeTarget;
			buildConfigurationList = 79E2EF691F9CC18100701ACC /* Build configuration list for PBXNativeTarget "Critical.X" */;
			buildPhases = (
				79E2EF3D1F9CC18000701ACC /* Sources */,
				79E2EF3E1F9CC18000701ACC /* Frameworks */,
				79E2EF3F1F9CC18000701ACC /* Resources */,
			);
			buildRules = (
			);
			dependencies = (
			);
			name = Critical.X;
			productName = Critical.X;
			productReference = 79E2EF411F9CC18000701ACC /* Critical.X.app */;
			productType = "com.apple.product-type.application";
		};
		79E2EF541F9CC18100701ACC /* Critical.XTests */ = {
			isa = PBXNativeTarget;
			buildConfigurationList = 79E2EF6C1F9CC18100701ACC /* Build configuration list for PBXNativeTarget "Critical.XTests" */;
			buildPhases = (
				79E2EF511F9CC18100701ACC /* Sources */,
				79E2EF521F9CC18100701ACC /* Frameworks */,
				79E2EF531F9CC18100701ACC /* Resources */,
			);
			buildRules = (
			);
			dependencies = (
				79E2EF571F9CC18100701ACC /* PBXTargetDependency */,
			);
			name = Critical.XTests;
			productName = Critical.XTests;
			productReference = 79E2EF551F9CC18100701ACC /* Critical.XTests.xctest */;
			productType = "com.apple.product-type.bundle.unit-test";
		};
		79E2EF5F1F9CC18100701ACC /* Critical.XUITests */ = {
			isa = PBXNativeTarget;
			buildConfigurationList = 79E2EF6F1F9CC18100701ACC /* Build configuration list for PBXNativeTarget "Critical.XUITests" */;
			buildPhases = (
				79E2EF5C1F9CC18100701ACC /* Sources */,
				79E2EF5D1F9CC18100701ACC /* Frameworks */,
				79E2EF5E1F9CC18100701ACC /* Resources */,
			);
			buildRules = (
			);
			dependencies = (
				79E2EF621F9CC18100701ACC /* PBXTargetDependency */,
			);
			name = Critical.XUITests;
			productName = Critical.XUITests;
			productReference = 79E2EF601F9CC18100701ACC /* Critical.XUITests.xctest */;
			productType = "com.apple.product-type.bundle.ui-testing";
		};
/* End PBXNativeTarget section */

/* Begin PBXProject section */
		79E2EF391F9CC18000701ACC /* Project object */ = {
			isa = PBXProject;
			attributes = {
				LastSwiftUpdateCheck = 0910;
				LastUpgradeCheck = 0910;
				ORGANIZATIONNAME = "Jadie Barringer III";
				TargetAttributes = {
					79E2EF401F9CC18000701ACC = {
						CreatedOnToolsVersion = 9.1;
						ProvisioningStyle = Automatic;
					};
					79E2EF541F9CC18100701ACC = {
						CreatedOnToolsVersion = 9.1;
						ProvisioningStyle = Automatic;
						TestTargetID = 79E2EF401F9CC18000701ACC;
					};
					79E2EF5F1F9CC18100701ACC = {
						CreatedOnToolsVersion = 9.1;
						ProvisioningStyle = Automatic;
						TestTargetID = 79E2EF401F9CC18000701ACC;
					};
				};
			};
			buildConfigurationList = 79E2EF3C1F9CC18000701ACC /* Build configuration list for PBXProject "Critical.X" */;
			compatibilityVersion = "Xcode 8.0";
			developmentRegion = en;
			hasScannedForEncodings = 0;
			knownRegions = (
				en,
				Base,
			);
			mainGroup = 79E2EF381F9CC18000701ACC;
			productRefGroup = 79E2EF421F9CC18000701ACC /* Products */;
			projectDirPath = "";
			projectRoot = "";
			targets = (
				79E2EF401F9CC18000701ACC /* Critical.X */,
				79E2EF541F9CC18100701ACC /* Critical.XTests */,
				79E2EF5F1F9CC18100701ACC /* Critical.XUITests */,
			);
		};
/* End PBXProject section */

/* Begin PBXResourcesBuildPhase section */
		79E2EF3F1F9CC18000701ACC /* Resources */ = {
			isa = PBXResourcesBuildPhase;
			buildActionMask = 2147483647;
			files = (
				79E2EF4F1F9CC18000701ACC /* LaunchScreen.storyboard in Resources */,
				793310A11FA9F18C00C955EF /* PedsStoryboard.storyboard in Resources */,
				79E2EF4C1F9CC18000701ACC /* Assets.xcassets in Resources */,
				7955134B1FD4B4F6005856F3 /* Main.storyboard in Resources */,
			);
			runOnlyForDeploymentPostprocessing = 0;
		};
		79E2EF531F9CC18100701ACC /* Resources */ = {
			isa = PBXResourcesBuildPhase;
			buildActionMask = 2147483647;
			files = (
			);
			runOnlyForDeploymentPostprocessing = 0;
		};
		79E2EF5E1F9CC18100701ACC /* Resources */ = {
			isa = PBXResourcesBuildPhase;
			buildActionMask = 2147483647;
			files = (
			);
			runOnlyForDeploymentPostprocessing = 0;
		};
/* End PBXResourcesBuildPhase section */

/* Begin PBXSourcesBuildPhase section */
		79E2EF3D1F9CC18000701ACC /* Sources */ = {
			isa = PBXSourcesBuildPhase;
			buildActionMask = 2147483647;
			files = (
				7971CF341FCA47A500D3AEEB /* CollapsibleTableViewController.swift in Sources */,
				79BA78D31FABCD2800F087AF /* ViewController.swift in Sources */,
				7971CF371FCA47A500D3AEEB /* CollapsibleTableViewCell.swift in Sources */,
				7971CF351FCA47A500D3AEEB /* ExampleData.swift in Sources */,
				795497F01FD55D7C0026EEC7 /* Disclaimer.swift in Sources */,
				793BCA2D1FD56E3C001A4DFF /* RateCriticalPopUp.swift in Sources */,
				7971CF331FCA47A500D3AEEB /* Extensions.swift in Sources */,
				7971CF361FCA47A500D3AEEB /* CollapsibleTableViewHeader.swift in Sources */,
				79BA78D21FABCD2800F087AF /* StackElementViewController.swift in Sources */,
				795513491FD4B11A005856F3 /* MenuViewController.swift in Sources */,
				79E2EF451F9CC18000701ACC /* AppDelegate.swift in Sources */,
				795497EC1FD4D7400026EEC7 /* MyViewController.swift in Sources */,
				793310A31FA9F55C00C955EF /* Peds_ViewController.swift in Sources */,
			);
			runOnlyForDeploymentPostprocessing = 0;
		};
		79E2EF511F9CC18100701ACC /* Sources */ = {
			isa = PBXSourcesBuildPhase;
			buildActionMask = 2147483647;
			files = (
				79E2EF5A1F9CC18100701ACC /* Critical_XTests.swift in Sources */,
			);
			runOnlyForDeploymentPostprocessing = 0;
		};
		79E2EF5C1F9CC18100701ACC /* Sources */ = {
			isa = PBXSourcesBuildPhase;
			buildActionMask = 2147483647;
			files = (
				79E2EF651F9CC18100701ACC /* Critical_XUITests.swift in Sources */,
			);
			runOnlyForDeploymentPostprocessing = 0;
		};
/* End PBXSourcesBuildPhase section */

/* Begin PBXTargetDependency section */
		79E2EF571F9CC18100701ACC /* PBXTargetDependency */ = {
			isa = PBXTargetDependency;
			target = 79E2EF401F9CC18000701ACC /* Critical.X */;
			targetProxy = 79E2EF561F9CC18100701ACC /* PBXContainerItemProxy */;
		};
		79E2EF621F9CC18100701ACC /* PBXTargetDependency */ = {
			isa = PBXTargetDependency;
			target = 79E2EF401F9CC18000701ACC /* Critical.X */;
			targetProxy = 79E2EF611F9CC18100701ACC /* PBXContainerItemProxy */;
		};
/* End PBXTargetDependency section */

/* Begin PBXVariantGroup section */
		79E2EF4D1F9CC18000701ACC /* LaunchScreen.storyboard */ = {
			isa = PBXVariantGroup;
			children = (
				79E2EF4E1F9CC18000701ACC /* Base */,
			);
			name = LaunchScreen.storyboard;
			sourceTree = "<group>";
		};
/* End PBXVariantGroup section */

/* Begin XCBuildConfiguration section */
		79E2EF671F9CC18100701ACC /* Debug */ = {
			isa = XCBuildConfiguration;
			buildSettings = {
				ALWAYS_SEARCH_USER_PATHS = NO;
				CLANG_ANALYZER_NONNULL = YES;
				CLANG_ANALYZER_NUMBER_OBJECT_CONVERSION = YES_AGGRESSIVE;
				CLANG_CXX_LANGUAGE_STANDARD = "gnu++14";
				CLANG_CXX_LIBRARY = "libc++";
				CLANG_ENABLE_MODULES = YES;
				CLANG_ENABLE_OBJC_ARC = YES;
				CLANG_WARN_BLOCK_CAPTURE_AUTORELEASING = YES;
				CLANG_WARN_BOOL_CONVERSION = YES;
				CLANG_WARN_COMMA = YES;
				CLANG_WARN_CONSTANT_CONVERSION = YES;
				CLANG_WARN_DIRECT_OBJC_ISA_USAGE = YES_ERROR;
				CLANG_WARN_DOCUMENTATION_COMMENTS = YES;
				CLANG_WARN_EMPTY_BODY = YES;
				CLANG_WARN_ENUM_CONVERSION = YES;
				CLANG_WARN_INFINITE_RECURSION = YES;
				CLANG_WARN_INT_CONVERSION = YES;
				CLANG_WARN_NON_LITERAL_NULL_CONVERSION = YES;
				CLANG_WARN_OBJC_LITERAL_CONVERSION = YES;
				CLANG_WARN_OBJC_ROOT_CLASS = YES_ERROR;
				CLANG_WARN_RANGE_LOOP_ANALYSIS = YES;
				CLANG_WARN_STRICT_PROTOTYPES = YES;
				CLANG_WARN_SUSPICIOUS_MOVE = YES;
				CLANG_WARN_UNGUARDED_AVAILABILITY = YES_AGGRESSIVE;
				CLANG_WARN_UNREACHABLE_CODE = YES;
				CLANG_WARN__DUPLICATE_METHOD_MATCH = YES;
				CODE_SIGN_IDENTITY = "iPhone Developer";
				COPY_PHASE_STRIP = NO;
				DEBUG_INFORMATION_FORMAT = dwarf;
				ENABLE_STRICT_OBJC_MSGSEND = YES;
				ENABLE_TESTABILITY = YES;
				GCC_C_LANGUAGE_STANDARD = gnu11;
				GCC_DYNAMIC_NO_PIC = NO;
				GCC_NO_COMMON_BLOCKS = YES;
				GCC_OPTIMIZATION_LEVEL = 0;
				GCC_PREPROCESSOR_DEFINITIONS = (
					"DEBUG=1",
					"$(inherited)",
				);
				GCC_WARN_64_TO_32_BIT_CONVERSION = YES;
				GCC_WARN_ABOUT_RETURN_TYPE = YES_ERROR;
				GCC_WARN_UNDECLARED_SELECTOR = YES;
				GCC_WARN_UNINITIALIZED_AUTOS = YES_AGGRESSIVE;
				GCC_WARN_UNUSED_FUNCTION = YES;
				GCC_WARN_UNUSED_VARIABLE = YES;
				IPHONEOS_DEPLOYMENT_TARGET = 11.1;
				MTL_ENABLE_DEBUG_INFO = YES;
				ONLY_ACTIVE_ARCH = YES;
				SDKROOT = iphoneos;
				SWIFT_ACTIVE_COMPILATION_CONDITIONS = DEBUG;
				SWIFT_OPTIMIZATION_LEVEL = "-Onone";
			};
			name = Debug;
		};
		79E2EF681F9CC18100701ACC /* Release */ = {
			isa = XCBuildConfiguration;
			buildSettings = {
				ALWAYS_SEARCH_USER_PATHS = NO;
				CLANG_ANALYZER_NONNULL = YES;
				CLANG_ANALYZER_NUMBER_OBJECT_CONVERSION = YES_AGGRESSIVE;
				CLANG_CXX_LANGUAGE_STANDARD = "gnu++14";
				CLANG_CXX_LIBRARY = "libc++";
				CLANG_ENABLE_MODULES = YES;
				CLANG_ENABLE_OBJC_ARC = YES;
				CLANG_WARN_BLOCK_CAPTURE_AUTORELEASING = YES;
				CLANG_WARN_BOOL_CONVERSION = YES;
				CLANG_WARN_COMMA = YES;
				CLANG_WARN_CONSTANT_CONVERSION = YES;
				CLANG_WARN_DIRECT_OBJC_ISA_USAGE = YES_ERROR;
				CLANG_WARN_DOCUMENTATION_COMMENTS = YES;
				CLANG_WARN_EMPTY_BODY = YES;
				CLANG_WARN_ENUM_CONVERSION = YES;
				CLANG_WARN_INFINITE_RECURSION = YES;
				CLANG_WARN_INT_CONVERSION = YES;
				CLANG_WARN_NON_LITERAL_NULL_CONVERSION = YES;
				CLANG_WARN_OBJC_LITERAL_CONVERSION = YES;
				CLANG_WARN_OBJC_ROOT_CLASS = YES_ERROR;
				CLANG_WARN_RANGE_LOOP_ANALYSIS = YES;
				CLANG_WARN_STRICT_PROTOTYPES = YES;
				CLANG_WARN_SUSPICIOUS_MOVE = YES;
				CLANG_WARN_UNGUARDED_AVAILABILITY = YES_AGGRESSIVE;
				CLANG_WARN_UNREACHABLE_CODE = YES;
				CLANG_WARN__DUPLICATE_METHOD_MATCH = YES;
				CODE_SIGN_IDENTITY = "iPhone Developer";
				COPY_PHASE_STRIP = NO;
				DEBUG_INFORMATION_FORMAT = "dwarf-with-dsym";
				ENABLE_NS_ASSERTIONS = NO;
				ENABLE_STRICT_OBJC_MSGSEND = YES;
				GCC_C_LANGUAGE_STANDARD = gnu11;
				GCC_NO_COMMON_BLOCKS = YES;
				GCC_WARN_64_TO_32_BIT_CONVERSION = YES;
				GCC_WARN_ABOUT_RETURN_TYPE = YES_ERROR;
				GCC_WARN_UNDECLARED_SELECTOR = YES;
				GCC_WARN_UNINITIALIZED_AUTOS = YES_AGGRESSIVE;
				GCC_WARN_UNUSED_FUNCTION = YES;
				GCC_WARN_UNUSED_VARIABLE = YES;
				IPHONEOS_DEPLOYMENT_TARGET = 11.1;
				MTL_ENABLE_DEBUG_INFO = NO;
				SDKROOT = iphoneos;
				SWIFT_OPTIMIZATION_LEVEL = "-Owholemodule";
				VALIDATE_PRODUCT = YES;
			};
			name = Release;
		};
		79E2EF6A1F9CC18100701ACC /* Debug */ = {
			isa = XCBuildConfiguration;
			buildSettings = {
				ASSETCATALOG_COMPILER_APPICON_NAME = AppIcon;
				CODE_SIGN_STYLE = Automatic;
				DEVELOPMENT_TEAM = 2T6K5ZJFLK;
				INFOPLIST_FILE = Critical.X/Info.plist;
				IPHONEOS_DEPLOYMENT_TARGET = 11.2;
				LD_RUNPATH_SEARCH_PATHS = "$(inherited) @executable_path/Frameworks";
				PRODUCT_BUNDLE_IDENTIFIER = "com.TheBarringerGroup.Critical.Critical-X";
				PRODUCT_NAME = "$(TARGET_NAME)";
				SWIFT_VERSION = 4.0;
				TARGETED_DEVICE_FAMILY = "1,2";
			};
			name = Debug;
		};
		79E2EF6B1F9CC18100701ACC /* Release */ = {
			isa = XCBuildConfiguration;
			buildSettings = {
				ASSETCATALOG_COMPILER_APPICON_NAME = AppIcon;
				CODE_SIGN_STYLE = Automatic;
				DEVELOPMENT_TEAM = 2T6K5ZJFLK;
				INFOPLIST_FILE = Critical.X/Info.plist;
				IPHONEOS_DEPLOYMENT_TARGET = 11.2;
				LD_RUNPATH_SEARCH_PATHS = "$(inherited) @executable_path/Frameworks";
				PRODUCT_BUNDLE_IDENTIFIER = "com.TheBarringerGroup.Critical.Critical-X";
				PRODUCT_NAME = "$(TARGET_NAME)";
				SWIFT_VERSION = 4.0;
				TARGETED_DEVICE_FAMILY = "1,2";
			};
			name = Release;
		};
		79E2EF6D1F9CC18100701ACC /* Debug */ = {
			isa = XCBuildConfiguration;
			buildSettings = {
				ALWAYS_EMBED_SWIFT_STANDARD_LIBRARIES = YES;
				BUNDLE_LOADER = "$(TEST_HOST)";
				CODE_SIGN_STYLE = Automatic;
				DEVELOPMENT_TEAM = JXLE4994XZ;
				INFOPLIST_FILE = Critical.XTests/Info.plist;
				LD_RUNPATH_SEARCH_PATHS = "$(inherited) @executable_path/Frameworks @loader_path/Frameworks";
				PRODUCT_BUNDLE_IDENTIFIER = "com.TheBarringerGroup.Critical.Critical-XTests";
				PRODUCT_NAME = "$(TARGET_NAME)";
				SWIFT_VERSION = 4.0;
				TARGETED_DEVICE_FAMILY = "1,2";
				TEST_HOST = "$(BUILT_PRODUCTS_DIR)/Critical.X.app/Critical.X";
			};
			name = Debug;
		};
		79E2EF6E1F9CC18100701ACC /* Release */ = {
			isa = XCBuildConfiguration;
			buildSettings = {
				ALWAYS_EMBED_SWIFT_STANDARD_LIBRARIES = YES;
				BUNDLE_LOADER = "$(TEST_HOST)";
				CODE_SIGN_STYLE = Automatic;
				DEVELOPMENT_TEAM = JXLE4994XZ;
				INFOPLIST_FILE = Critical.XTests/Info.plist;
				LD_RUNPATH_SEARCH_PATHS = "$(inherited) @executable_path/Frameworks @loader_path/Frameworks";
				PRODUCT_BUNDLE_IDENTIFIER = "com.TheBarringerGroup.Critical.Critical-XTests";
				PRODUCT_NAME = "$(TARGET_NAME)";
				SWIFT_VERSION = 4.0;
				TARGETED_DEVICE_FAMILY = "1,2";
				TEST_HOST = "$(BUILT_PRODUCTS_DIR)/Critical.X.app/Critical.X";
			};
			name = Release;
		};
		79E2EF701F9CC18100701ACC /* Debug */ = {
			isa = XCBuildConfiguration;
			buildSettings = {
				ALWAYS_EMBED_SWIFT_STANDARD_LIBRARIES = YES;
				CODE_SIGN_STYLE = Automatic;
				DEVELOPMENT_TEAM = JXLE4994XZ;
				INFOPLIST_FILE = Critical.XUITests/Info.plist;
				LD_RUNPATH_SEARCH_PATHS = "$(inherited) @executable_path/Frameworks @loader_path/Frameworks";
				PRODUCT_BUNDLE_IDENTIFIER = "com.TheBarringerGroup.Critical.Critical-XUITests";
				PRODUCT_NAME = "$(TARGET_NAME)";
				SWIFT_VERSION = 4.0;
				TARGETED_DEVICE_FAMILY = "1,2";
				TEST_TARGET_NAME = Critical.X;
			};
			name = Debug;
		};
		79E2EF711F9CC18100701ACC /* Release */ = {
			isa = XCBuildConfiguration;
			buildSettings = {
				ALWAYS_EMBED_SWIFT_STANDARD_LIBRARIES = YES;
				CODE_SIGN_STYLE = Automatic;
				DEVELOPMENT_TEAM = JXLE4994XZ;
				INFOPLIST_FILE = Critical.XUITests/Info.plist;
				LD_RUNPATH_SEARCH_PATHS = "$(inherited) @executable_path/Frameworks @loader_path/Frameworks";
				PRODUCT_BUNDLE_IDENTIFIER = "com.TheBarringerGroup.Critical.Critical-XUITests";
				PRODUCT_NAME = "$(TARGET_NAME)";
				SWIFT_VERSION = 4.0;
				TARGETED_DEVICE_FAMILY = "1,2";
				TEST_TARGET_NAME = Critical.X;
			};
			name = Release;
		};
/* End XCBuildConfiguration section */

/* Begin XCConfigurationList section */
		79E2EF3C1F9CC18000701ACC /* Build configuration list for PBXProject "Critical.X" */ = {
			isa = XCConfigurationList;
			buildConfigurations = (
				79E2EF671F9CC18100701ACC /* Debug */,
				79E2EF681F9CC18100701ACC /* Release */,
			);
			defaultConfigurationIsVisible = 0;
			defaultConfigurationName = Release;
		};
		79E2EF691F9CC18100701ACC /* Build configuration list for PBXNativeTarget "Critical.X" */ = {
			isa = XCConfigurationList;
			buildConfigurations = (
				79E2EF6A1F9CC18100701ACC /* Debug */,
				79E2EF6B1F9CC18100701ACC /* Release */,
			);
			defaultConfigurationIsVisible = 0;
			defaultConfigurationName = Release;
		};
		79E2EF6C1F9CC18100701ACC /* Build configuration list for PBXNativeTarget "Critical.XTests" */ = {
			isa = XCConfigurationList;
			buildConfigurations = (
				79E2EF6D1F9CC18100701ACC /* Debug */,
				79E2EF6E1F9CC18100701ACC /* Release */,
			);
			defaultConfigurationIsVisible = 0;
			defaultConfigurationName = Release;
		};
		79E2EF6F1F9CC18100701ACC /* Build configuration list for PBXNativeTarget "Critical.XUITests" */ = {
			isa = XCConfigurationList;
			buildConfigurations = (
				79E2EF701F9CC18100701ACC /* Debug */,
				79E2EF711F9CC18100701ACC /* Release */,
			);
			defaultConfigurationIsVisible = 0;
			defaultConfigurationName = Release;
		};
/* End XCConfigurationList section */
	};
	rootObject = 79E2EF391F9CC18000701ACC /* Project object */;
}
