// !$*UTF8*$!
{
	archiveVersion = 1;
	classes = {
	};
	objectVersion = 48;
	objects = {

/* Begin PBXBuildFile section */
		7955134B1FD4B4F6005856F3 /* Main.storyboard in Resources */ = {isa = PBXBuildFile; fileRef = 7955134A1FD4B4F6005856F3 /* Main.storyboard */; };
		79E2EF4C1F9CC18000701ACC /* Assets.xcassets in Resources */ = {isa = PBXBuildFile; fileRef = 79E2EF4B1F9CC18000701ACC /* Assets.xcassets */; };
		79E2EF4F1F9CC18000701ACC /* LaunchScreen.storyboard in Resources */ = {isa = PBXBuildFile; fileRef = 79E2EF4D1F9CC18000701ACC /* LaunchScreen.storyboard */; };
		79E2EF5A1F9CC18100701ACC /* Critical_XTests.swift in Sources */ = {isa = PBXBuildFile; fileRef = 79E2EF591F9CC18100701ACC /* Critical_XTests.swift */; };
		79E2EF651F9CC18100701ACC /* Critical_XUITests.swift in Sources */ = {isa = PBXBuildFile; fileRef = 79E2EF641F9CC18100701ACC /* Critical_XUITests.swift */; };
		C42F417B1FF90CA2003BE489 /* AppDelegate.swift in Sources */ = {isa = PBXBuildFile; fileRef = C42F417A1FF90CA2003BE489 /* AppDelegate.swift */; };
		C42F41821FF90E2B003BE489 /* PopTip+Draw.swift in Sources */ = {isa = PBXBuildFile; fileRef = C42F417C1FF90E27003BE489 /* PopTip+Draw.swift */; };
		C42F41831FF90E2B003BE489 /* IdealBWDataView.swift in Sources */ = {isa = PBXBuildFile; fileRef = C42F417D1FF90E28003BE489 /* IdealBWDataView.swift */; };
		C42F41841FF90E2B003BE489 /* Popover.swift in Sources */ = {isa = PBXBuildFile; fileRef = C42F417E1FF90E29003BE489 /* Popover.swift */; };
		C42F41851FF90E2B003BE489 /* PopTip+Transitions.swift in Sources */ = {isa = PBXBuildFile; fileRef = C42F417F1FF90E2A003BE489 /* PopTip+Transitions.swift */; };
		C42F41861FF90E2B003BE489 /* IdealBodyWeight.swift in Sources */ = {isa = PBXBuildFile; fileRef = C42F41801FF90E2A003BE489 /* IdealBodyWeight.swift */; };
		C42F41871FF90E2B003BE489 /* PopTip.swift in Sources */ = {isa = PBXBuildFile; fileRef = C42F41811FF90E2B003BE489 /* PopTip.swift */; };
		C470BAB11FF9939E0085F0FF /* FreeWaterDeficitDetail.swift in Sources */ = {isa = PBXBuildFile; fileRef = C470BAAF1FF9939D0085F0FF /* FreeWaterDeficitDetail.swift */; };
		C470BAB21FF9939E0085F0FF /* FreeWaterDeficit.swift in Sources */ = {isa = PBXBuildFile; fileRef = C470BAB01FF9939D0085F0FF /* FreeWaterDeficit.swift */; };
		C470BAFD1FFAF4BC0085F0FF /* UrineOutput.swift in Sources */ = {isa = PBXBuildFile; fileRef = C470BAFB1FFAF4BC0085F0FF /* UrineOutput.swift */; };
		C470BAFE1FFAF4BC0085F0FF /* UrineOutputData.swift in Sources */ = {isa = PBXBuildFile; fileRef = C470BAFC1FFAF4BC0085F0FF /* UrineOutputData.swift */; };
		C4C25EEE1FF9099600C5CD42 /* RSIDetail.swift in Sources */ = {isa = PBXBuildFile; fileRef = C4C25EBA1FF9099500C5CD42 /* RSIDetail.swift */; };
		C4C25EEF1FF9099600C5CD42 /* RSIMain.swift in Sources */ = {isa = PBXBuildFile; fileRef = C4C25EBB1FF9099500C5CD42 /* RSIMain.swift */; };
		C4C25EF01FF9099600C5CD42 /* RSI_Additional.swift in Sources */ = {isa = PBXBuildFile; fileRef = C4C25EBC1FF9099500C5CD42 /* RSI_Additional.swift */; };
		C4C25EF11FF9099600C5CD42 /* RSIProcess.swift in Sources */ = {isa = PBXBuildFile; fileRef = C4C25EBD1FF9099500C5CD42 /* RSIProcess.swift */; };
		C4C25EF21FF9099600C5CD42 /* FlatColors.swift in Sources */ = {isa = PBXBuildFile; fileRef = C4C25EBF1FF9099500C5CD42 /* FlatColors.swift */; };
		C4C25EF41FF9099600C5CD42 /* MyViewController.swift in Sources */ = {isa = PBXBuildFile; fileRef = C4C25EC21FF9099500C5CD42 /* MyViewController.swift */; };
		C4C25EF51FF9099600C5CD42 /* ViewController.swift in Sources */ = {isa = PBXBuildFile; fileRef = C4C25EC41FF9099500C5CD42 /* ViewController.swift */; };
		C4C25EF61FF9099600C5CD42 /* StackElementViewController.swift in Sources */ = {isa = PBXBuildFile; fileRef = C4C25EC51FF9099500C5CD42 /* StackElementViewController.swift */; };
		C4C25EF71FF9099600C5CD42 /* RateCriticalPopUp.swift in Sources */ = {isa = PBXBuildFile; fileRef = C4C25EC61FF9099500C5CD42 /* RateCriticalPopUp.swift */; };
		C4C25EF81FF9099600C5CD42 /* Disclaimer.swift in Sources */ = {isa = PBXBuildFile; fileRef = C4C25EC71FF9099500C5CD42 /* Disclaimer.swift */; };
		C4C25EFA1FF9099600C5CD42 /* CollapsibleTableViewCell.swift in Sources */ = {isa = PBXBuildFile; fileRef = C4C25ECA1FF9099500C5CD42 /* CollapsibleTableViewCell.swift */; };
		C4C25EFB1FF9099600C5CD42 /* ExampleData.swift in Sources */ = {isa = PBXBuildFile; fileRef = C4C25ECB1FF9099500C5CD42 /* ExampleData.swift */; };
		C4C25EFC1FF9099600C5CD42 /* Extensions.swift in Sources */ = {isa = PBXBuildFile; fileRef = C4C25ECC1FF9099500C5CD42 /* Extensions.swift */; };
		C4C25EFD1FF9099600C5CD42 /* CollapsibleTableViewController.swift in Sources */ = {isa = PBXBuildFile; fileRef = C4C25ECD1FF9099500C5CD42 /* CollapsibleTableViewController.swift */; };
		C4C25EFE1FF9099600C5CD42 /* CollapsibleTableViewHeader.swift in Sources */ = {isa = PBXBuildFile; fileRef = C4C25ECE1FF9099500C5CD42 /* CollapsibleTableViewHeader.swift */; };
		C4C25EFF1FF9099600C5CD42 /* MenuViewController.swift in Sources */ = {isa = PBXBuildFile; fileRef = C4C25ECF1FF9099500C5CD42 /* MenuViewController.swift */; };
		C4C25F001FF9099600C5CD42 /* 2ndDegreeTypeII.v2.gif in Resources */ = {isa = PBXBuildFile; fileRef = C4C25ED21FF9099500C5CD42 /* 2ndDegreeTypeII.v2.gif */; };
		C4C25F011FF9099600C5CD42 /* SinusBradyv.2.gif in Resources */ = {isa = PBXBuildFile; fileRef = C4C25ED31FF9099500C5CD42 /* SinusBradyv.2.gif */; };
		C4C25F021FF9099600C5CD42 /* 3rdDegreeHB.gif in Resources */ = {isa = PBXBuildFile; fileRef = C4C25ED41FF9099500C5CD42 /* 3rdDegreeHB.gif */; };
		C4C25F031FF9099600C5CD42 /* AtrialFib.gif in Resources */ = {isa = PBXBuildFile; fileRef = C4C25ED51FF9099500C5CD42 /* AtrialFib.gif */; };
		C4C25F041FF9099600C5CD42 /* SVT.gif in Resources */ = {isa = PBXBuildFile; fileRef = C4C25ED61FF9099500C5CD42 /* SVT.gif */; };
		C4C25F051FF9099600C5CD42 /* SVT1.gif in Resources */ = {isa = PBXBuildFile; fileRef = C4C25ED71FF9099500C5CD42 /* SVT1.gif */; };
		C4C25F061FF9099600C5CD42 /* SinusTachycardia.gif in Resources */ = {isa = PBXBuildFile; fileRef = C4C25ED81FF9099500C5CD42 /* SinusTachycardia.gif */; };
		C4C25F071FF9099600C5CD42 /* NormalSinus.gif in Resources */ = {isa = PBXBuildFile; fileRef = C4C25ED91FF9099500C5CD42 /* NormalSinus.gif */; };
		C4C25F081FF9099600C5CD42 /* SinusBradycardia.gif in Resources */ = {isa = PBXBuildFile; fileRef = C4C25EDA1FF9099500C5CD42 /* SinusBradycardia.gif */; };
		C4C25F091FF9099600C5CD42 /* Polymorphic_VTach.gif in Resources */ = {isa = PBXBuildFile; fileRef = C4C25EDB1FF9099500C5CD42 /* Polymorphic_VTach.gif */; };
		C4C25F0A1FF9099600C5CD42 /* VFib.gif in Resources */ = {isa = PBXBuildFile; fileRef = C4C25EDC1FF9099500C5CD42 /* VFib.gif */; };
		C4C25F0B1FF9099600C5CD42 /* 2ndDegreeTypeII.gif in Resources */ = {isa = PBXBuildFile; fileRef = C4C25EDD1FF9099500C5CD42 /* 2ndDegreeTypeII.gif */; };
		C4C25F0C1FF9099600C5CD42 /* VentricularFibrillation.gif in Resources */ = {isa = PBXBuildFile; fileRef = C4C25EDE1FF9099500C5CD42 /* VentricularFibrillation.gif */; };
		C4C25F0D1FF9099600C5CD42 /* 2ndDegreeTypeI ( Wenkeback).gif in Resources */ = {isa = PBXBuildFile; fileRef = C4C25EDF1FF9099500C5CD42 /* 2ndDegreeTypeI ( Wenkeback).gif */; };
		C4C25F0E1FF9099600C5CD42 /* VTach.gif in Resources */ = {isa = PBXBuildFile; fileRef = C4C25EE01FF9099500C5CD42 /* VTach.gif */; };
		C4C25F0F1FF9099600C5CD42 /* Aflutter.gif in Resources */ = {isa = PBXBuildFile; fileRef = C4C25EE11FF9099500C5CD42 /* Aflutter.gif */; };
		C4C25F101FF9099600C5CD42 /* Asystole.gif in Resources */ = {isa = PBXBuildFile; fileRef = C4C25EE21FF9099500C5CD42 /* Asystole.gif */; };
		C4C25F111FF9099600C5CD42 /* EKGInformation.swift in Sources */ = {isa = PBXBuildFile; fileRef = C4C25EE41FF9099500C5CD42 /* EKGInformation.swift */; };
		C4C25F121FF9099600C5CD42 /* EkgMenuTableViewController.swift in Sources */ = {isa = PBXBuildFile; fileRef = C4C25EE51FF9099500C5CD42 /* EkgMenuTableViewController.swift */; };
		C4C25F131FF9099600C5CD42 /* ACLSViewController.swift in Sources */ = {isa = PBXBuildFile; fileRef = C4C25EE61FF9099500C5CD42 /* ACLSViewController.swift */; };
		C4C25F141FF9099600C5CD42 /* Swift+Gif.swift in Sources */ = {isa = PBXBuildFile; fileRef = C4C25EE71FF9099500C5CD42 /* Swift+Gif.swift */; };
		C4C25F151FF9099600C5CD42 /* CalculatedDataViewController.swift in Sources */ = {isa = PBXBuildFile; fileRef = C4C25EE91FF9099600C5CD42 /* CalculatedDataViewController.swift */; };
		C4C25F161FF9099600C5CD42 /* PedsViewController.swift in Sources */ = {isa = PBXBuildFile; fileRef = C4C25EEA1FF9099600C5CD42 /* PedsViewController.swift */; };
		C4C25F171FF9099600C5CD42 /* PediatricCalculations.swift in Sources */ = {isa = PBXBuildFile; fileRef = C4C25EEB1FF9099600C5CD42 /* PediatricCalculations.swift */; };
		C4C25F181FF9099600C5CD42 /* MiniPopUpData.swift in Sources */ = {isa = PBXBuildFile; fileRef = C4C25EEC1FF9099600C5CD42 /* MiniPopUpData.swift */; };
		C4C25F191FF9099600C5CD42 /* MiniDrugDataViewViewController.swift in Sources */ = {isa = PBXBuildFile; fileRef = C4C25EED1FF9099600C5CD42 /* MiniDrugDataViewViewController.swift */; };
/* End PBXBuildFile section */

/* Begin PBXContainerItemProxy section */
		79E2EF561F9CC18100701ACC /* PBXContainerItemProxy */ = {
			isa = PBXContainerItemProxy;
			containerPortal = 79E2EF391F9CC18000701ACC /* Project object */;
			proxyType = 1;
			remoteGlobalIDString = 79E2EF401F9CC18000701ACC;
			remoteInfo = Critical.X;
		};
		79E2EF611F9CC18100701ACC /* PBXContainerItemProxy */ = {
			isa = PBXContainerItemProxy;
			containerPortal = 79E2EF391F9CC18000701ACC /* Project object */;
			proxyType = 1;
			remoteGlobalIDString = 79E2EF401F9CC18000701ACC;
			remoteInfo = Critical.X;
		};
/* End PBXContainerItemProxy section */

/* Begin PBXFileReference section */
		7955134A1FD4B4F6005856F3 /* Main.storyboard */ = {isa = PBXFileReference; lastKnownFileType = file.storyboard; path = Main.storyboard; sourceTree = "<group>"; };
		79E2EF411F9CC18000701ACC /* Critical.X.app */ = {isa = PBXFileReference; explicitFileType = wrapper.application; includeInIndex = 0; path = Critical.X.app; sourceTree = BUILT_PRODUCTS_DIR; };
		79E2EF4B1F9CC18000701ACC /* Assets.xcassets */ = {isa = PBXFileReference; lastKnownFileType = folder.assetcatalog; path = Assets.xcassets; sourceTree = "<group>"; };
		79E2EF4E1F9CC18000701ACC /* Base */ = {isa = PBXFileReference; lastKnownFileType = file.storyboard; name = Base; path = Base.lproj/LaunchScreen.storyboard; sourceTree = "<group>"; };
		79E2EF501F9CC18000701ACC /* Info.plist */ = {isa = PBXFileReference; lastKnownFileType = text.plist.xml; path = Info.plist; sourceTree = "<group>"; };
		79E2EF551F9CC18100701ACC /* Critical.XTests.xctest */ = {isa = PBXFileReference; explicitFileType = wrapper.cfbundle; includeInIndex = 0; path = Critical.XTests.xctest; sourceTree = BUILT_PRODUCTS_DIR; };
		79E2EF591F9CC18100701ACC /* Critical_XTests.swift */ = {isa = PBXFileReference; lastKnownFileType = sourcecode.swift; path = Critical_XTests.swift; sourceTree = "<group>"; };
		79E2EF5B1F9CC18100701ACC /* Info.plist */ = {isa = PBXFileReference; lastKnownFileType = text.plist.xml; path = Info.plist; sourceTree = "<group>"; };
		79E2EF601F9CC18100701ACC /* Critical.XUITests.xctest */ = {isa = PBXFileReference; explicitFileType = wrapper.cfbundle; includeInIndex = 0; path = Critical.XUITests.xctest; sourceTree = BUILT_PRODUCTS_DIR; };
		79E2EF641F9CC18100701ACC /* Critical_XUITests.swift */ = {isa = PBXFileReference; lastKnownFileType = sourcecode.swift; path = Critical_XUITests.swift; sourceTree = "<group>"; };
		79E2EF661F9CC18100701ACC /* Info.plist */ = {isa = PBXFileReference; lastKnownFileType = text.plist.xml; path = Info.plist; sourceTree = "<group>"; };
		C42F417A1FF90CA2003BE489 /* AppDelegate.swift */ = {isa = PBXFileReference; fileEncoding = 4; lastKnownFileType = sourcecode.swift; path = AppDelegate.swift; sourceTree = "<group>"; };
		C42F417C1FF90E27003BE489 /* PopTip+Draw.swift */ = {isa = PBXFileReference; fileEncoding = 4; lastKnownFileType = sourcecode.swift; path = "PopTip+Draw.swift"; sourceTree = "<group>"; };
		C42F417D1FF90E28003BE489 /* IdealBWDataView.swift */ = {isa = PBXFileReference; fileEncoding = 4; lastKnownFileType = sourcecode.swift; path = IdealBWDataView.swift; sourceTree = "<group>"; };
		C42F417E1FF90E29003BE489 /* Popover.swift */ = {isa = PBXFileReference; fileEncoding = 4; lastKnownFileType = sourcecode.swift; path = Popover.swift; sourceTree = "<group>"; };
		C42F417F1FF90E2A003BE489 /* PopTip+Transitions.swift */ = {isa = PBXFileReference; fileEncoding = 4; lastKnownFileType = sourcecode.swift; path = "PopTip+Transitions.swift"; sourceTree = "<group>"; };
		C42F41801FF90E2A003BE489 /* IdealBodyWeight.swift */ = {isa = PBXFileReference; fileEncoding = 4; lastKnownFileType = sourcecode.swift; path = IdealBodyWeight.swift; sourceTree = "<group>"; };
		C42F41811FF90E2B003BE489 /* PopTip.swift */ = {isa = PBXFileReference; fileEncoding = 4; lastKnownFileType = sourcecode.swift; path = PopTip.swift; sourceTree = "<group>"; };
		C470BAAF1FF9939D0085F0FF /* FreeWaterDeficitDetail.swift */ = {isa = PBXFileReference; lastKnownFileType = sourcecode.swift; path = FreeWaterDeficitDetail.swift; sourceTree = "<group>"; };
		C470BAB01FF9939D0085F0FF /* FreeWaterDeficit.swift */ = {isa = PBXFileReference; lastKnownFileType = sourcecode.swift; path = FreeWaterDeficit.swift; sourceTree = "<group>"; };
		C470BAFB1FFAF4BC0085F0FF /* UrineOutput.swift */ = {isa = PBXFileReference; fileEncoding = 4; lastKnownFileType = sourcecode.swift; path = UrineOutput.swift; sourceTree = "<group>"; };
		C470BAFC1FFAF4BC0085F0FF /* UrineOutputData.swift */ = {isa = PBXFileReference; fileEncoding = 4; lastKnownFileType = sourcecode.swift; path = UrineOutputData.swift; sourceTree = "<group>"; };
		C4C25EBA1FF9099500C5CD42 /* RSIDetail.swift */ = {isa = PBXFileReference; fileEncoding = 4; lastKnownFileType = sourcecode.swift; path = RSIDetail.swift; sourceTree = "<group>"; };
		C4C25EBB1FF9099500C5CD42 /* RSIMain.swift */ = {isa = PBXFileReference; fileEncoding = 4; lastKnownFileType = sourcecode.swift; path = RSIMain.swift; sourceTree = "<group>"; };
		C4C25EBC1FF9099500C5CD42 /* RSI_Additional.swift */ = {isa = PBXFileReference; fileEncoding = 4; lastKnownFileType = sourcecode.swift; path = RSI_Additional.swift; sourceTree = "<group>"; };
		C4C25EBD1FF9099500C5CD42 /* RSIProcess.swift */ = {isa = PBXFileReference; fileEncoding = 4; lastKnownFileType = sourcecode.swift; path = RSIProcess.swift; sourceTree = "<group>"; };
		C4C25EBF1FF9099500C5CD42 /* FlatColors.swift */ = {isa = PBXFileReference; fileEncoding = 4; lastKnownFileType = sourcecode.swift; path = FlatColors.swift; sourceTree = "<group>"; };
		C4C25EC21FF9099500C5CD42 /* MyViewController.swift */ = {isa = PBXFileReference; fileEncoding = 4; lastKnownFileType = sourcecode.swift; path = MyViewController.swift; sourceTree = "<group>"; };
		C4C25EC41FF9099500C5CD42 /* ViewController.swift */ = {isa = PBXFileReference; fileEncoding = 4; lastKnownFileType = sourcecode.swift; path = ViewController.swift; sourceTree = "<group>"; };
		C4C25EC51FF9099500C5CD42 /* StackElementViewController.swift */ = {isa = PBXFileReference; fileEncoding = 4; lastKnownFileType = sourcecode.swift; path = StackElementViewController.swift; sourceTree = "<group>"; };
		C4C25EC61FF9099500C5CD42 /* RateCriticalPopUp.swift */ = {isa = PBXFileReference; fileEncoding = 4; lastKnownFileType = sourcecode.swift; path = RateCriticalPopUp.swift; sourceTree = "<group>"; };
		C4C25EC71FF9099500C5CD42 /* Disclaimer.swift */ = {isa = PBXFileReference; fileEncoding = 4; lastKnownFileType = sourcecode.swift; path = Disclaimer.swift; sourceTree = "<group>"; };
		C4C25ECA1FF9099500C5CD42 /* CollapsibleTableViewCell.swift */ = {isa = PBXFileReference; fileEncoding = 4; lastKnownFileType = sourcecode.swift; path = CollapsibleTableViewCell.swift; sourceTree = "<group>"; };
		C4C25ECB1FF9099500C5CD42 /* ExampleData.swift */ = {isa = PBXFileReference; fileEncoding = 4; lastKnownFileType = sourcecode.swift; path = ExampleData.swift; sourceTree = "<group>"; };
		C4C25ECC1FF9099500C5CD42 /* Extensions.swift */ = {isa = PBXFileReference; fileEncoding = 4; lastKnownFileType = sourcecode.swift; path = Extensions.swift; sourceTree = "<group>"; };
		C4C25ECD1FF9099500C5CD42 /* CollapsibleTableViewController.swift */ = {isa = PBXFileReference; fileEncoding = 4; lastKnownFileType = sourcecode.swift; path = CollapsibleTableViewController.swift; sourceTree = "<group>"; };
		C4C25ECE1FF9099500C5CD42 /* CollapsibleTableViewHeader.swift */ = {isa = PBXFileReference; fileEncoding = 4; lastKnownFileType = sourcecode.swift; path = CollapsibleTableViewHeader.swift; sourceTree = "<group>"; };
		C4C25ECF1FF9099500C5CD42 /* MenuViewController.swift */ = {isa = PBXFileReference; fileEncoding = 4; lastKnownFileType = sourcecode.swift; path = MenuViewController.swift; sourceTree = "<group>"; };
		C4C25ED21FF9099500C5CD42 /* 2ndDegreeTypeII.v2.gif */ = {isa = PBXFileReference; lastKnownFileType = image.gif; path = 2ndDegreeTypeII.v2.gif; sourceTree = "<group>"; };
		C4C25ED31FF9099500C5CD42 /* SinusBradyv.2.gif */ = {isa = PBXFileReference; lastKnownFileType = image.gif; path = SinusBradyv.2.gif; sourceTree = "<group>"; };
		C4C25ED41FF9099500C5CD42 /* 3rdDegreeHB.gif */ = {isa = PBXFileReference; lastKnownFileType = image.gif; path = 3rdDegreeHB.gif; sourceTree = "<group>"; };
		C4C25ED51FF9099500C5CD42 /* AtrialFib.gif */ = {isa = PBXFileReference; lastKnownFileType = image.gif; path = AtrialFib.gif; sourceTree = "<group>"; };
		C4C25ED61FF9099500C5CD42 /* SVT.gif */ = {isa = PBXFileReference; lastKnownFileType = image.gif; path = SVT.gif; sourceTree = "<group>"; };
		C4C25ED71FF9099500C5CD42 /* SVT1.gif */ = {isa = PBXFileReference; lastKnownFileType = image.gif; path = SVT1.gif; sourceTree = "<group>"; };
		C4C25ED81FF9099500C5CD42 /* SinusTachycardia.gif */ = {isa = PBXFileReference; lastKnownFileType = image.gif; path = SinusTachycardia.gif; sourceTree = "<group>"; };
		C4C25ED91FF9099500C5CD42 /* NormalSinus.gif */ = {isa = PBXFileReference; lastKnownFileType = image.gif; path = NormalSinus.gif; sourceTree = "<group>"; };
		C4C25EDA1FF9099500C5CD42 /* SinusBradycardia.gif */ = {isa = PBXFileReference; lastKnownFileType = image.gif; path = SinusBradycardia.gif; sourceTree = "<group>"; };
		C4C25EDB1FF9099500C5CD42 /* Polymorphic_VTach.gif */ = {isa = PBXFileReference; lastKnownFileType = image.gif; path = Polymorphic_VTach.gif; sourceTree = "<group>"; };
		C4C25EDC1FF9099500C5CD42 /* VFib.gif */ = {isa = PBXFileReference; lastKnownFileType = image.gif; path = VFib.gif; sourceTree = "<group>"; };
		C4C25EDD1FF9099500C5CD42 /* 2ndDegreeTypeII.gif */ = {isa = PBXFileReference; lastKnownFileType = image.gif; path = 2ndDegreeTypeII.gif; sourceTree = "<group>"; };
		C4C25EDE1FF9099500C5CD42 /* VentricularFibrillation.gif */ = {isa = PBXFileReference; lastKnownFileType = image.gif; path = VentricularFibrillation.gif; sourceTree = "<group>"; };
		C4C25EDF1FF9099500C5CD42 /* 2ndDegreeTypeI ( Wenkeback).gif */ = {isa = PBXFileReference; lastKnownFileType = image.gif; path = "2ndDegreeTypeI ( Wenkeback).gif"; sourceTree = "<group>"; };
		C4C25EE01FF9099500C5CD42 /* VTach.gif */ = {isa = PBXFileReference; lastKnownFileType = image.gif; path = VTach.gif; sourceTree = "<group>"; };
		C4C25EE11FF9099500C5CD42 /* Aflutter.gif */ = {isa = PBXFileReference; lastKnownFileType = image.gif; path = Aflutter.gif; sourceTree = "<group>"; };
		C4C25EE21FF9099500C5CD42 /* Asystole.gif */ = {isa = PBXFileReference; lastKnownFileType = image.gif; path = Asystole.gif; sourceTree = "<group>"; };
		C4C25EE41FF9099500C5CD42 /* EKGInformation.swift */ = {isa = PBXFileReference; fileEncoding = 4; lastKnownFileType = sourcecode.swift; path = EKGInformation.swift; sourceTree = "<group>"; };
		C4C25EE51FF9099500C5CD42 /* EkgMenuTableViewController.swift */ = {isa = PBXFileReference; fileEncoding = 4; lastKnownFileType = sourcecode.swift; path = EkgMenuTableViewController.swift; sourceTree = "<group>"; };
		C4C25EE61FF9099500C5CD42 /* ACLSViewController.swift */ = {isa = PBXFileReference; fileEncoding = 4; lastKnownFileType = sourcecode.swift; path = ACLSViewController.swift; sourceTree = "<group>"; };
		C4C25EE71FF9099500C5CD42 /* Swift+Gif.swift */ = {isa = PBXFileReference; fileEncoding = 4; lastKnownFileType = sourcecode.swift; path = "Swift+Gif.swift"; sourceTree = "<group>"; };
		C4C25EE91FF9099600C5CD42 /* CalculatedDataViewController.swift */ = {isa = PBXFileReference; fileEncoding = 4; lastKnownFileType = sourcecode.swift; path = CalculatedDataViewController.swift; sourceTree = "<group>"; };
		C4C25EEA1FF9099600C5CD42 /* PedsViewController.swift */ = {isa = PBXFileReference; fileEncoding = 4; lastKnownFileType = sourcecode.swift; path = PedsViewController.swift; sourceTree = "<group>"; };
		C4C25EEB1FF9099600C5CD42 /* PediatricCalculations.swift */ = {isa = PBXFileReference; fileEncoding = 4; lastKnownFileType = sourcecode.swift; path = PediatricCalculations.swift; sourceTree = "<group>"; };
		C4C25EEC1FF9099600C5CD42 /* MiniPopUpData.swift */ = {isa = PBXFileReference; fileEncoding = 4; lastKnownFileType = sourcecode.swift; path = MiniPopUpData.swift; sourceTree = "<group>"; };
		C4C25EED1FF9099600C5CD42 /* MiniDrugDataViewViewController.swift */ = {isa = PBXFileReference; fileEncoding = 4; lastKnownFileType = sourcecode.swift; path = MiniDrugDataViewViewController.swift; sourceTree = "<group>"; };
/* End PBXFileReference section */

/* Begin PBXFrameworksBuildPhase section */
		79E2EF3E1F9CC18000701ACC /* Frameworks */ = {
			isa = PBXFrameworksBuildPhase;
			buildActionMask = 2147483647;
			files = (
			);
			runOnlyForDeploymentPostprocessing = 0;
		};
		79E2EF521F9CC18100701ACC /* Frameworks */ = {
			isa = PBXFrameworksBuildPhase;
			buildActionMask = 2147483647;
			files = (
			);
			runOnlyForDeploymentPostprocessing = 0;
		};
		79E2EF5D1F9CC18100701ACC /* Frameworks */ = {
			isa = PBXFrameworksBuildPhase;
			buildActionMask = 2147483647;
			files = (
			);
			runOnlyForDeploymentPostprocessing = 0;
		};
/* End PBXFrameworksBuildPhase section */

/* Begin PBXGroup section */
		79E2EF381F9CC18000701ACC = {
			isa = PBXGroup;
			children = (
				79E2EF431F9CC18000701ACC /* Critical.X */,
				79E2EF581F9CC18100701ACC /* Critical.XTests */,
				79E2EF631F9CC18100701ACC /* Critical.XUITests */,
				79E2EF421F9CC18000701ACC /* Products */,
			);
			sourceTree = "<group>";
		};
		79E2EF421F9CC18000701ACC /* Products */ = {
			isa = PBXGroup;
			children = (
				79E2EF411F9CC18000701ACC /* Critical.X.app */,
				79E2EF551F9CC18100701ACC /* Critical.XTests.xctest */,
				79E2EF601F9CC18100701ACC /* Critical.XUITests.xctest */,
			);
			name = Products;
			sourceTree = "<group>";
		};
		79E2EF431F9CC18000701ACC /* Critical.X */ = {
			isa = PBXGroup;
			children = (
				C470BAFB1FFAF4BC0085F0FF /* UrineOutput.swift */,
				C470BAFC1FFAF4BC0085F0FF /* UrineOutputData.swift */,
				C470BAB01FF9939D0085F0FF /* FreeWaterDeficit.swift */,
				C470BAAF1FF9939D0085F0FF /* FreeWaterDeficitDetail.swift */,
				C42F41801FF90E2A003BE489 /* IdealBodyWeight.swift */,
				C42F417D1FF90E28003BE489 /* IdealBWDataView.swift */,
				C42F417E1FF90E29003BE489 /* Popover.swift */,
				C42F41811FF90E2B003BE489 /* PopTip.swift */,
				C42F417C1FF90E27003BE489 /* PopTip+Draw.swift */,
				C42F417F1FF90E2A003BE489 /* PopTip+Transitions.swift */,
				C4C25ED01FF9099500C5CD42 /* EKG View Controllers and Gif's */,
				C4C25EE81FF9099600C5CD42 /* Pediatrics */,
				C4C25EB91FF9099500C5CD42 /* RSI */,
				C4C25EBE1FF9099500C5CD42 /* View Controller Classes */,
				79E2EF4D1F9CC18000701ACC /* LaunchScreen.storyboard */,
				7955134A1FD4B4F6005856F3 /* Main.storyboard */,
				79E2EF4B1F9CC18000701ACC /* Assets.xcassets */,
				79E2EF501F9CC18000701ACC /* Info.plist */,
			);
			path = Critical.X;
			sourceTree = "<group>";
		};
		79E2EF581F9CC18100701ACC /* Critical.XTests */ = {
			isa = PBXGroup;
			children = (
				79E2EF591F9CC18100701ACC /* Critical_XTests.swift */,
				79E2EF5B1F9CC18100701ACC /* Info.plist */,
			);
			path = Critical.XTests;
			sourceTree = "<group>";
		};
		79E2EF631F9CC18100701ACC /* Critical.XUITests */ = {
			isa = PBXGroup;
			children = (
				79E2EF641F9CC18100701ACC /* Critical_XUITests.swift */,
				79E2EF661F9CC18100701ACC /* Info.plist */,
			);
			path = Critical.XUITests;
			sourceTree = "<group>";
		};
		C4C25EB91FF9099500C5CD42 /* RSI */ = {
			isa = PBXGroup;
			children = (
				C4C25EBB1FF9099500C5CD42 /* RSIMain.swift */,
				C4C25EBA1FF9099500C5CD42 /* RSIDetail.swift */,
				C4C25EBC1FF9099500C5CD42 /* RSI_Additional.swift */,
				C4C25EBD1FF9099500C5CD42 /* RSIProcess.swift */,
			);
			path = RSI;
			sourceTree = "<group>";
		};
		C4C25EBE1FF9099500C5CD42 /* View Controller Classes */ = {
			isa = PBXGroup;
			children = (
				C4C25EBF1FF9099500C5CD42 /* FlatColors.swift */,
				C4C25EC01FF9099500C5CD42 /* Disclaimer  */,
				C4C25EC21FF9099500C5CD42 /* MyViewController.swift */,
				C4C25EC31FF9099500C5CD42 /* Ventilator Modes */,
				C4C25EC61FF9099500C5CD42 /* RateCriticalPopUp.swift */,
				C4C25EC71FF9099500C5CD42 /* Disclaimer.swift */,
				C4C25EC91FF9099500C5CD42 /* Fluids And Electorlytes */,
				C4C25ECF1FF9099500C5CD42 /* MenuViewController.swift */,
			);
			path = "View Controller Classes";
			sourceTree = "<group>";
		};
		C4C25EC01FF9099500C5CD42 /* Disclaimer  */ = {
			isa = PBXGroup;
			children = (
				C42F417A1FF90CA2003BE489 /* AppDelegate.swift */,
			);
			path = "Disclaimer ";
			sourceTree = "<group>";
		};
		C4C25EC31FF9099500C5CD42 /* Ventilator Modes */ = {
			isa = PBXGroup;
			children = (
				C4C25EC41FF9099500C5CD42 /* ViewController.swift */,
				C4C25EC51FF9099500C5CD42 /* StackElementViewController.swift */,
			);
			path = "Ventilator Modes";
			sourceTree = "<group>";
		};
		C4C25EC91FF9099500C5CD42 /* Fluids And Electorlytes */ = {
			isa = PBXGroup;
			children = (
				C4C25ECA1FF9099500C5CD42 /* CollapsibleTableViewCell.swift */,
				C4C25ECB1FF9099500C5CD42 /* ExampleData.swift */,
				C4C25ECC1FF9099500C5CD42 /* Extensions.swift */,
				C4C25ECD1FF9099500C5CD42 /* CollapsibleTableViewController.swift */,
				C4C25ECE1FF9099500C5CD42 /* CollapsibleTableViewHeader.swift */,
			);
			path = "Fluids And Electorlytes";
			sourceTree = "<group>";
		};
		C4C25ED01FF9099500C5CD42 /* EKG View Controllers and Gif's */ = {
			isa = PBXGroup;
			children = (
				C4C25ED11FF9099500C5CD42 /* EKG GIf's */,
				C4C25EE31FF9099500C5CD42 /* EKG View Controllers & Media */,
			);
			path = "EKG View Controllers and Gif's";
			sourceTree = "<group>";
		};
		C4C25ED11FF9099500C5CD42 /* EKG GIf's */ = {
			isa = PBXGroup;
			children = (
				C4C25ED21FF9099500C5CD42 /* 2ndDegreeTypeII.v2.gif */,
				C4C25ED31FF9099500C5CD42 /* SinusBradyv.2.gif */,
				C4C25ED41FF9099500C5CD42 /* 3rdDegreeHB.gif */,
				C4C25ED51FF9099500C5CD42 /* AtrialFib.gif */,
				C4C25ED61FF9099500C5CD42 /* SVT.gif */,
				C4C25ED71FF9099500C5CD42 /* SVT1.gif */,
				C4C25ED81FF9099500C5CD42 /* SinusTachycardia.gif */,
				C4C25ED91FF9099500C5CD42 /* NormalSinus.gif */,
				C4C25EDA1FF9099500C5CD42 /* SinusBradycardia.gif */,
				C4C25EDB1FF9099500C5CD42 /* Polymorphic_VTach.gif */,
				C4C25EDC1FF9099500C5CD42 /* VFib.gif */,
				C4C25EDD1FF9099500C5CD42 /* 2ndDegreeTypeII.gif */,
				C4C25EDE1FF9099500C5CD42 /* VentricularFibrillation.gif */,
				C4C25EDF1FF9099500C5CD42 /* 2ndDegreeTypeI ( Wenkeback).gif */,
				C4C25EE01FF9099500C5CD42 /* VTach.gif */,
				C4C25EE11FF9099500C5CD42 /* Aflutter.gif */,
				C4C25EE21FF9099500C5CD42 /* Asystole.gif */,
			);
			path = "EKG GIf's";
			sourceTree = "<group>";
		};
		C4C25EE31FF9099500C5CD42 /* EKG View Controllers & Media */ = {
			isa = PBXGroup;
			children = (
				C4C25EE41FF9099500C5CD42 /* EKGInformation.swift */,
				C4C25EE51FF9099500C5CD42 /* EkgMenuTableViewController.swift */,
				C4C25EE61FF9099500C5CD42 /* ACLSViewController.swift */,
				C4C25EE71FF9099500C5CD42 /* Swift+Gif.swift */,
			);
			path = "EKG View Controllers & Media";
			sourceTree = "<group>";
		};
		C4C25EE81FF9099600C5CD42 /* Pediatrics */ = {
			isa = PBXGroup;
			children = (
				C4C25EEA1FF9099600C5CD42 /* PedsViewController.swift */,
				C4C25EE91FF9099600C5CD42 /* CalculatedDataViewController.swift */,
				C4C25EEB1FF9099600C5CD42 /* PediatricCalculations.swift */,
				C4C25EEC1FF9099600C5CD42 /* MiniPopUpData.swift */,
				C4C25EED1FF9099600C5CD42 /* MiniDrugDataViewViewController.swift */,
			);
			path = Pediatrics;
			sourceTree = "<group>";
		};
/* End PBXGroup section */

/* Begin PBXNativeTarget section */
		79E2EF401F9CC18000701ACC /* Critical.X */ = {
			isa = PBXNativeTarget;
			buildConfigurationList = 79E2EF691F9CC18100701ACC /* Build configuration list for PBXNativeTarget "Critical.X" */;
			buildPhases = (
				79E2EF3D1F9CC18000701ACC /* Sources */,
				79E2EF3E1F9CC18000701ACC /* Frameworks */,
				79E2EF3F1F9CC18000701ACC /* Resources */,
			);
			buildRules = (
			);
			dependencies = (
			);
			name = Critical.X;
			productName = Critical.X;
			productReference = 79E2EF411F9CC18000701ACC /* Critical.X.app */;
			productType = "com.apple.product-type.application";
		};
		79E2EF541F9CC18100701ACC /* Critical.XTests */ = {
			isa = PBXNativeTarget;
			buildConfigurationList = 79E2EF6C1F9CC18100701ACC /* Build configuration list for PBXNativeTarget "Critical.XTests" */;
			buildPhases = (
				79E2EF511F9CC18100701ACC /* Sources */,
				79E2EF521F9CC18100701ACC /* Frameworks */,
				79E2EF531F9CC18100701ACC /* Resources */,
			);
			buildRules = (
			);
			dependencies = (
				79E2EF571F9CC18100701ACC /* PBXTargetDependency */,
			);
			name = Critical.XTests;
			productName = Critical.XTests;
			productReference = 79E2EF551F9CC18100701ACC /* Critical.XTests.xctest */;
			productType = "com.apple.product-type.bundle.unit-test";
		};
		79E2EF5F1F9CC18100701ACC /* Critical.XUITests */ = {
			isa = PBXNativeTarget;
			buildConfigurationList = 79E2EF6F1F9CC18100701ACC /* Build configuration list for PBXNativeTarget "Critical.XUITests" */;
			buildPhases = (
				79E2EF5C1F9CC18100701ACC /* Sources */,
				79E2EF5D1F9CC18100701ACC /* Frameworks */,
				79E2EF5E1F9CC18100701ACC /* Resources */,
			);
			buildRules = (
			);
			dependencies = (
				79E2EF621F9CC18100701ACC /* PBXTargetDependency */,
			);
			name = Critical.XUITests;
			productName = Critical.XUITests;
			productReference = 79E2EF601F9CC18100701ACC /* Critical.XUITests.xctest */;
			productType = "com.apple.product-type.bundle.ui-testing";
		};
/* End PBXNativeTarget section */

/* Begin PBXProject section */
		79E2EF391F9CC18000701ACC /* Project object */ = {
			isa = PBXProject;
			attributes = {
				LastSwiftUpdateCheck = 0910;
				LastUpgradeCheck = 0910;
				ORGANIZATIONNAME = "Jadie Barringer III";
				TargetAttributes = {
					79E2EF401F9CC18000701ACC = {
						CreatedOnToolsVersion = 9.1;
						ProvisioningStyle = Automatic;
					};
					79E2EF541F9CC18100701ACC = {
						CreatedOnToolsVersion = 9.1;
						ProvisioningStyle = Automatic;
						TestTargetID = 79E2EF401F9CC18000701ACC;
					};
					79E2EF5F1F9CC18100701ACC = {
						CreatedOnToolsVersion = 9.1;
						ProvisioningStyle = Automatic;
						TestTargetID = 79E2EF401F9CC18000701ACC;
					};
				};
			};
			buildConfigurationList = 79E2EF3C1F9CC18000701ACC /* Build configuration list for PBXProject "Critical.X" */;
			compatibilityVersion = "Xcode 8.0";
			developmentRegion = en;
			hasScannedForEncodings = 0;
			knownRegions = (
				en,
				Base,
			);
			mainGroup = 79E2EF381F9CC18000701ACC;
			productRefGroup = 79E2EF421F9CC18000701ACC /* Products */;
			projectDirPath = "";
			projectRoot = "";
			targets = (
				79E2EF401F9CC18000701ACC /* Critical.X */,
				79E2EF541F9CC18100701ACC /* Critical.XTests */,
				79E2EF5F1F9CC18100701ACC /* Critical.XUITests */,
			);
		};
/* End PBXProject section */

/* Begin PBXResourcesBuildPhase section */
		79E2EF3F1F9CC18000701ACC /* Resources */ = {
			isa = PBXResourcesBuildPhase;
			buildActionMask = 2147483647;
			files = (
				C4C25F081FF9099600C5CD42 /* SinusBradycardia.gif in Resources */,
				C4C25F041FF9099600C5CD42 /* SVT.gif in Resources */,
				C4C25F091FF9099600C5CD42 /* Polymorphic_VTach.gif in Resources */,
				C4C25F021FF9099600C5CD42 /* 3rdDegreeHB.gif in Resources */,
				C4C25F011FF9099600C5CD42 /* SinusBradyv.2.gif in Resources */,
				C4C25F0A1FF9099600C5CD42 /* VFib.gif in Resources */,
				C4C25F061FF9099600C5CD42 /* SinusTachycardia.gif in Resources */,
				C4C25F031FF9099600C5CD42 /* AtrialFib.gif in Resources */,
				C4C25F101FF9099600C5CD42 /* Asystole.gif in Resources */,
				C4C25F001FF9099600C5CD42 /* 2ndDegreeTypeII.v2.gif in Resources */,
				C4C25F071FF9099600C5CD42 /* NormalSinus.gif in Resources */,
				C4C25F0F1FF9099600C5CD42 /* Aflutter.gif in Resources */,
				C4C25F051FF9099600C5CD42 /* SVT1.gif in Resources */,
				C4C25F0E1FF9099600C5CD42 /* VTach.gif in Resources */,
				79E2EF4F1F9CC18000701ACC /* LaunchScreen.storyboard in Resources */,
				C4C25F0D1FF9099600C5CD42 /* 2ndDegreeTypeI ( Wenkeback).gif in Resources */,
				79E2EF4C1F9CC18000701ACC /* Assets.xcassets in Resources */,
				C4C25F0C1FF9099600C5CD42 /* VentricularFibrillation.gif in Resources */,
				C4C25F0B1FF9099600C5CD42 /* 2ndDegreeTypeII.gif in Resources */,
				7955134B1FD4B4F6005856F3 /* Main.storyboard in Resources */,
			);
			runOnlyForDeploymentPostprocessing = 0;
		};
		79E2EF531F9CC18100701ACC /* Resources */ = {
			isa = PBXResourcesBuildPhase;
			buildActionMask = 2147483647;
			files = (
			);
			runOnlyForDeploymentPostprocessing = 0;
		};
		79E2EF5E1F9CC18100701ACC /* Resources */ = {
			isa = PBXResourcesBuildPhase;
			buildActionMask = 2147483647;
			files = (
			);
			runOnlyForDeploymentPostprocessing = 0;
		};
/* End PBXResourcesBuildPhase section */

/* Begin PBXSourcesBuildPhase section */
		79E2EF3D1F9CC18000701ACC /* Sources */ = {
			isa = PBXSourcesBuildPhase;
			buildActionMask = 2147483647;
			files = (
				C4C25EFD1FF9099600C5CD42 /* CollapsibleTableViewController.swift in Sources */,
				C42F41831FF90E2B003BE489 /* IdealBWDataView.swift in Sources */,
				C4C25EFB1FF9099600C5CD42 /* ExampleData.swift in Sources */,
				C42F41871FF90E2B003BE489 /* PopTip.swift in Sources */,
				C4C25EF81FF9099600C5CD42 /* Disclaimer.swift in Sources */,
				C4C25EF11FF9099600C5CD42 /* RSIProcess.swift in Sources */,
				C4C25EFA1FF9099600C5CD42 /* CollapsibleTableViewCell.swift in Sources */,
				C42F41851FF90E2B003BE489 /* PopTip+Transitions.swift in Sources */,
				C4C25EF01FF9099600C5CD42 /* RSI_Additional.swift in Sources */,
				C42F41841FF90E2B003BE489 /* Popover.swift in Sources */,
				C4C25F141FF9099600C5CD42 /* Swift+Gif.swift in Sources */,
				C4C25EF41FF9099600C5CD42 /* MyViewController.swift in Sources */,
				C4C25EFE1FF9099600C5CD42 /* CollapsibleTableViewHeader.swift in Sources */,
				C4C25F181FF9099600C5CD42 /* MiniPopUpData.swift in Sources */,
				C4C25F131FF9099600C5CD42 /* ACLSViewController.swift in Sources */,
				C4C25EEE1FF9099600C5CD42 /* RSIDetail.swift in Sources */,
				C470BAFD1FFAF4BC0085F0FF /* UrineOutput.swift in Sources */,
				C4C25F151FF9099600C5CD42 /* CalculatedDataViewController.swift in Sources */,
				C42F41861FF90E2B003BE489 /* IdealBodyWeight.swift in Sources */,
				C4C25EF21FF9099600C5CD42 /* FlatColors.swift in Sources */,
				C4C25F111FF9099600C5CD42 /* EKGInformation.swift in Sources */,
				C470BAB21FF9939E0085F0FF /* FreeWaterDeficit.swift in Sources */,
				C4C25EFC1FF9099600C5CD42 /* Extensions.swift in Sources */,
				C42F41821FF90E2B003BE489 /* PopTip+Draw.swift in Sources */,
				C4C25EFF1FF9099600C5CD42 /* MenuViewController.swift in Sources */,
				C470BAB11FF9939E0085F0FF /* FreeWaterDeficitDetail.swift in Sources */,
				C470BAFE1FFAF4BC0085F0FF /* UrineOutputData.swift in Sources */,
				C4C25F171FF9099600C5CD42 /* PediatricCalculations.swift in Sources */,
				C4C25EF51FF9099600C5CD42 /* ViewController.swift in Sources */,
				C4C25F121FF9099600C5CD42 /* EkgMenuTableViewController.swift in Sources */,
				C42F417B1FF90CA2003BE489 /* AppDelegate.swift in Sources */,
				C4C25EEF1FF9099600C5CD42 /* RSIMain.swift in Sources */,
				C4C25EF61FF9099600C5CD42 /* StackElementViewController.swift in Sources */,
				C4C25F161FF9099600C5CD42 /* PedsViewController.swift in Sources */,
				C4C25F191FF9099600C5CD42 /* MiniDrugDataViewViewController.swift in Sources */,
				C4C25EF71FF9099600C5CD42 /* RateCriticalPopUp.swift in Sources */,
			);
			runOnlyForDeploymentPostprocessing = 0;
		};
		79E2EF511F9CC18100701ACC /* Sources */ = {
			isa = PBXSourcesBuildPhase;
			buildActionMask = 2147483647;
			files = (
				79E2EF5A1F9CC18100701ACC /* Critical_XTests.swift in Sources */,
			);
			runOnlyForDeploymentPostprocessing = 0;
		};
		79E2EF5C1F9CC18100701ACC /* Sources */ = {
			isa = PBXSourcesBuildPhase;
			buildActionMask = 2147483647;
			files = (
				79E2EF651F9CC18100701ACC /* Critical_XUITests.swift in Sources */,
			);
			runOnlyForDeploymentPostprocessing = 0;
		};
/* End PBXSourcesBuildPhase section */

/* Begin PBXTargetDependency section */
		79E2EF571F9CC18100701ACC /* PBXTargetDependency */ = {
			isa = PBXTargetDependency;
			target = 79E2EF401F9CC18000701ACC /* Critical.X */;
			targetProxy = 79E2EF561F9CC18100701ACC /* PBXContainerItemProxy */;
		};
		79E2EF621F9CC18100701ACC /* PBXTargetDependency */ = {
			isa = PBXTargetDependency;
			target = 79E2EF401F9CC18000701ACC /* Critical.X */;
			targetProxy = 79E2EF611F9CC18100701ACC /* PBXContainerItemProxy */;
		};
/* End PBXTargetDependency section */

/* Begin PBXVariantGroup section */
		79E2EF4D1F9CC18000701ACC /* LaunchScreen.storyboard */ = {
			isa = PBXVariantGroup;
			children = (
				79E2EF4E1F9CC18000701ACC /* Base */,
			);
			name = LaunchScreen.storyboard;
			sourceTree = "<group>";
		};
/* End PBXVariantGroup section */

/* Begin XCBuildConfiguration section */
		79E2EF671F9CC18100701ACC /* Debug */ = {
			isa = XCBuildConfiguration;
			buildSettings = {
				ALWAYS_SEARCH_USER_PATHS = NO;
				CLANG_ANALYZER_NONNULL = YES;
				CLANG_ANALYZER_NUMBER_OBJECT_CONVERSION = YES_AGGRESSIVE;
				CLANG_CXX_LANGUAGE_STANDARD = "gnu++14";
				CLANG_CXX_LIBRARY = "libc++";
				CLANG_ENABLE_MODULES = YES;
				CLANG_ENABLE_OBJC_ARC = YES;
				CLANG_WARN_BLOCK_CAPTURE_AUTORELEASING = YES;
				CLANG_WARN_BOOL_CONVERSION = YES;
				CLANG_WARN_COMMA = YES;
				CLANG_WARN_CONSTANT_CONVERSION = YES;
				CLANG_WARN_DIRECT_OBJC_ISA_USAGE = YES_ERROR;
				CLANG_WARN_DOCUMENTATION_COMMENTS = YES;
				CLANG_WARN_EMPTY_BODY = YES;
				CLANG_WARN_ENUM_CONVERSION = YES;
				CLANG_WARN_INFINITE_RECURSION = YES;
				CLANG_WARN_INT_CONVERSION = YES;
				CLANG_WARN_NON_LITERAL_NULL_CONVERSION = YES;
				CLANG_WARN_OBJC_LITERAL_CONVERSION = YES;
				CLANG_WARN_OBJC_ROOT_CLASS = YES_ERROR;
				CLANG_WARN_RANGE_LOOP_ANALYSIS = YES;
				CLANG_WARN_STRICT_PROTOTYPES = YES;
				CLANG_WARN_SUSPICIOUS_MOVE = YES;
				CLANG_WARN_UNGUARDED_AVAILABILITY = YES_AGGRESSIVE;
				CLANG_WARN_UNREACHABLE_CODE = YES;
				CLANG_WARN__DUPLICATE_METHOD_MATCH = YES;
				CODE_SIGN_IDENTITY = "iPhone Developer";
				COPY_PHASE_STRIP = NO;
				DEBUG_INFORMATION_FORMAT = dwarf;
				ENABLE_STRICT_OBJC_MSGSEND = YES;
				ENABLE_TESTABILITY = YES;
				GCC_C_LANGUAGE_STANDARD = gnu11;
				GCC_DYNAMIC_NO_PIC = NO;
				GCC_NO_COMMON_BLOCKS = YES;
				GCC_OPTIMIZATION_LEVEL = 0;
				GCC_PREPROCESSOR_DEFINITIONS = (
					"DEBUG=1",
					"$(inherited)",
				);
				GCC_WARN_64_TO_32_BIT_CONVERSION = YES;
				GCC_WARN_ABOUT_RETURN_TYPE = YES_ERROR;
				GCC_WARN_UNDECLARED_SELECTOR = YES;
				GCC_WARN_UNINITIALIZED_AUTOS = YES_AGGRESSIVE;
				GCC_WARN_UNUSED_FUNCTION = YES;
				GCC_WARN_UNUSED_VARIABLE = YES;
				IPHONEOS_DEPLOYMENT_TARGET = 11.1;
				MTL_ENABLE_DEBUG_INFO = YES;
				ONLY_ACTIVE_ARCH = YES;
				SDKROOT = iphoneos;
				SWIFT_ACTIVE_COMPILATION_CONDITIONS = DEBUG;
				SWIFT_OPTIMIZATION_LEVEL = "-Onone";
			};
			name = Debug;
		};
		79E2EF681F9CC18100701ACC /* Release */ = {
			isa = XCBuildConfiguration;
			buildSettings = {
				ALWAYS_SEARCH_USER_PATHS = NO;
				CLANG_ANALYZER_NONNULL = YES;
				CLANG_ANALYZER_NUMBER_OBJECT_CONVERSION = YES_AGGRESSIVE;
				CLANG_CXX_LANGUAGE_STANDARD = "gnu++14";
				CLANG_CXX_LIBRARY = "libc++";
				CLANG_ENABLE_MODULES = YES;
				CLANG_ENABLE_OBJC_ARC = YES;
				CLANG_WARN_BLOCK_CAPTURE_AUTORELEASING = YES;
				CLANG_WARN_BOOL_CONVERSION = YES;
				CLANG_WARN_COMMA = YES;
				CLANG_WARN_CONSTANT_CONVERSION = YES;
				CLANG_WARN_DIRECT_OBJC_ISA_USAGE = YES_ERROR;
				CLANG_WARN_DOCUMENTATION_COMMENTS = YES;
				CLANG_WARN_EMPTY_BODY = YES;
				CLANG_WARN_ENUM_CONVERSION = YES;
				CLANG_WARN_INFINITE_RECURSION = YES;
				CLANG_WARN_INT_CONVERSION = YES;
				CLANG_WARN_NON_LITERAL_NULL_CONVERSION = YES;
				CLANG_WARN_OBJC_LITERAL_CONVERSION = YES;
				CLANG_WARN_OBJC_ROOT_CLASS = YES_ERROR;
				CLANG_WARN_RANGE_LOOP_ANALYSIS = YES;
				CLANG_WARN_STRICT_PROTOTYPES = YES;
				CLANG_WARN_SUSPICIOUS_MOVE = YES;
				CLANG_WARN_UNGUARDED_AVAILABILITY = YES_AGGRESSIVE;
				CLANG_WARN_UNREACHABLE_CODE = YES;
				CLANG_WARN__DUPLICATE_METHOD_MATCH = YES;
				CODE_SIGN_IDENTITY = "iPhone Developer";
				COPY_PHASE_STRIP = NO;
				DEBUG_INFORMATION_FORMAT = "dwarf-with-dsym";
				ENABLE_NS_ASSERTIONS = NO;
				ENABLE_STRICT_OBJC_MSGSEND = YES;
				GCC_C_LANGUAGE_STANDARD = gnu11;
				GCC_NO_COMMON_BLOCKS = YES;
				GCC_WARN_64_TO_32_BIT_CONVERSION = YES;
				GCC_WARN_ABOUT_RETURN_TYPE = YES_ERROR;
				GCC_WARN_UNDECLARED_SELECTOR = YES;
				GCC_WARN_UNINITIALIZED_AUTOS = YES_AGGRESSIVE;
				GCC_WARN_UNUSED_FUNCTION = YES;
				GCC_WARN_UNUSED_VARIABLE = YES;
				IPHONEOS_DEPLOYMENT_TARGET = 11.1;
				MTL_ENABLE_DEBUG_INFO = NO;
				SDKROOT = iphoneos;
				SWIFT_OPTIMIZATION_LEVEL = "-Owholemodule";
				VALIDATE_PRODUCT = YES;
			};
			name = Release;
		};
		79E2EF6A1F9CC18100701ACC /* Debug */ = {
			isa = XCBuildConfiguration;
			buildSettings = {
				ASSETCATALOG_COMPILER_APPICON_NAME = AppIcon;
				CODE_SIGN_STYLE = Automatic;
				DEVELOPMENT_TEAM = 2T6K5ZJFLK;
				INFOPLIST_FILE = Critical.X/Info.plist;
				IPHONEOS_DEPLOYMENT_TARGET = 11.2;
				LD_RUNPATH_SEARCH_PATHS = "$(inherited) @executable_path/Frameworks";
				PRODUCT_BUNDLE_IDENTIFIER = "com.TheBarringerGroup.Critical.Critical-X";
				PRODUCT_NAME = "$(TARGET_NAME)";
				SWIFT_VERSION = 4.0;
				TARGETED_DEVICE_FAMILY = "1,2";
			};
			name = Debug;
		};
		79E2EF6B1F9CC18100701ACC /* Release */ = {
			isa = XCBuildConfiguration;
			buildSettings = {
				ASSETCATALOG_COMPILER_APPICON_NAME = AppIcon;
				CODE_SIGN_STYLE = Automatic;
				DEVELOPMENT_TEAM = 2T6K5ZJFLK;
				INFOPLIST_FILE = Critical.X/Info.plist;
				IPHONEOS_DEPLOYMENT_TARGET = 11.2;
				LD_RUNPATH_SEARCH_PATHS = "$(inherited) @executable_path/Frameworks";
				PRODUCT_BUNDLE_IDENTIFIER = "com.TheBarringerGroup.Critical.Critical-X";
				PRODUCT_NAME = "$(TARGET_NAME)";
				SWIFT_VERSION = 4.0;
				TARGETED_DEVICE_FAMILY = "1,2";
			};
			name = Release;
		};
		79E2EF6D1F9CC18100701ACC /* Debug */ = {
			isa = XCBuildConfiguration;
			buildSettings = {
				ALWAYS_EMBED_SWIFT_STANDARD_LIBRARIES = YES;
				BUNDLE_LOADER = "$(TEST_HOST)";
				CODE_SIGN_STYLE = Automatic;
				DEVELOPMENT_TEAM = JXLE4994XZ;
				INFOPLIST_FILE = Critical.XTests/Info.plist;
				LD_RUNPATH_SEARCH_PATHS = "$(inherited) @executable_path/Frameworks @loader_path/Frameworks";
				PRODUCT_BUNDLE_IDENTIFIER = "com.TheBarringerGroup.Critical.Critical-XTests";
				PRODUCT_NAME = "$(TARGET_NAME)";
				SWIFT_VERSION = 4.0;
				TARGETED_DEVICE_FAMILY = "1,2";
				TEST_HOST = "$(BUILT_PRODUCTS_DIR)/Critical.X.app/Critical.X";
			};
			name = Debug;
		};
		79E2EF6E1F9CC18100701ACC /* Release */ = {
			isa = XCBuildConfiguration;
			buildSettings = {
				ALWAYS_EMBED_SWIFT_STANDARD_LIBRARIES = YES;
				BUNDLE_LOADER = "$(TEST_HOST)";
				CODE_SIGN_STYLE = Automatic;
				DEVELOPMENT_TEAM = JXLE4994XZ;
				INFOPLIST_FILE = Critical.XTests/Info.plist;
				LD_RUNPATH_SEARCH_PATHS = "$(inherited) @executable_path/Frameworks @loader_path/Frameworks";
				PRODUCT_BUNDLE_IDENTIFIER = "com.TheBarringerGroup.Critical.Critical-XTests";
				PRODUCT_NAME = "$(TARGET_NAME)";
				SWIFT_VERSION = 4.0;
				TARGETED_DEVICE_FAMILY = "1,2";
				TEST_HOST = "$(BUILT_PRODUCTS_DIR)/Critical.X.app/Critical.X";
			};
			name = Release;
		};
		79E2EF701F9CC18100701ACC /* Debug */ = {
			isa = XCBuildConfiguration;
			buildSettings = {
				ALWAYS_EMBED_SWIFT_STANDARD_LIBRARIES = YES;
				CODE_SIGN_STYLE = Automatic;
				DEVELOPMENT_TEAM = JXLE4994XZ;
				INFOPLIST_FILE = Critical.XUITests/Info.plist;
				LD_RUNPATH_SEARCH_PATHS = "$(inherited) @executable_path/Frameworks @loader_path/Frameworks";
				PRODUCT_BUNDLE_IDENTIFIER = "com.TheBarringerGroup.Critical.Critical-XUITests";
				PRODUCT_NAME = "$(TARGET_NAME)";
				SWIFT_VERSION = 4.0;
				TARGETED_DEVICE_FAMILY = "1,2";
				TEST_TARGET_NAME = Critical.X;
			};
			name = Debug;
		};
		79E2EF711F9CC18100701ACC /* Release */ = {
			isa = XCBuildConfiguration;
			buildSettings = {
				ALWAYS_EMBED_SWIFT_STANDARD_LIBRARIES = YES;
				CODE_SIGN_STYLE = Automatic;
				DEVELOPMENT_TEAM = JXLE4994XZ;
				INFOPLIST_FILE = Critical.XUITests/Info.plist;
				LD_RUNPATH_SEARCH_PATHS = "$(inherited) @executable_path/Frameworks @loader_path/Frameworks";
				PRODUCT_BUNDLE_IDENTIFIER = "com.TheBarringerGroup.Critical.Critical-XUITests";
				PRODUCT_NAME = "$(TARGET_NAME)";
				SWIFT_VERSION = 4.0;
				TARGETED_DEVICE_FAMILY = "1,2";
				TEST_TARGET_NAME = Critical.X;
			};
			name = Release;
		};
/* End XCBuildConfiguration section */

/* Begin XCConfigurationList section */
		79E2EF3C1F9CC18000701ACC /* Build configuration list for PBXProject "Critical.X" */ = {
			isa = XCConfigurationList;
			buildConfigurations = (
				79E2EF671F9CC18100701ACC /* Debug */,
				79E2EF681F9CC18100701ACC /* Release */,
			);
			defaultConfigurationIsVisible = 0;
			defaultConfigurationName = Release;
		};
		79E2EF691F9CC18100701ACC /* Build configuration list for PBXNativeTarget "Critical.X" */ = {
			isa = XCConfigurationList;
			buildConfigurations = (
				79E2EF6A1F9CC18100701ACC /* Debug */,
				79E2EF6B1F9CC18100701ACC /* Release */,
			);
			defaultConfigurationIsVisible = 0;
			defaultConfigurationName = Release;
		};
		79E2EF6C1F9CC18100701ACC /* Build configuration list for PBXNativeTarget "Critical.XTests" */ = {
			isa = XCConfigurationList;
			buildConfigurations = (
				79E2EF6D1F9CC18100701ACC /* Debug */,
				79E2EF6E1F9CC18100701ACC /* Release */,
			);
			defaultConfigurationIsVisible = 0;
			defaultConfigurationName = Release;
		};
		79E2EF6F1F9CC18100701ACC /* Build configuration list for PBXNativeTarget "Critical.XUITests" */ = {
			isa = XCConfigurationList;
			buildConfigurations = (
				79E2EF701F9CC18100701ACC /* Debug */,
				79E2EF711F9CC18100701ACC /* Release */,
			);
			defaultConfigurationIsVisible = 0;
			defaultConfigurationName = Release;
		};
/* End XCConfigurationList section */
	};
	rootObject = 79E2EF391F9CC18000701ACC /* Project object */;
}
